// !$*UTF8*$!
{
	archiveVersion = 1;
	classes = {
	};
	objectVersion = 46;
	objects = {

/* Begin PBXBuildFile section */
		6496ED4D1C0F4B47006E3B17 /* AppDelegate.swift in Sources */ = {isa = PBXBuildFile; fileRef = 6496ED4C1C0F4B47006E3B17 /* AppDelegate.swift */; };
		6496ED4F1C0F4B47006E3B17 /* ViewController.swift in Sources */ = {isa = PBXBuildFile; fileRef = 6496ED4E1C0F4B47006E3B17 /* ViewController.swift */; };
		6496ED541C0F4B47006E3B17 /* Assets.xcassets in Resources */ = {isa = PBXBuildFile; fileRef = 6496ED531C0F4B47006E3B17 /* Assets.xcassets */; };
		6496ED571C0F4B47006E3B17 /* LaunchScreen.storyboard in Resources */ = {isa = PBXBuildFile; fileRef = 6496ED551C0F4B47006E3B17 /* LaunchScreen.storyboard */; };
		6496ED611C0F4B9C006E3B17 /* ViewController.xib in Resources */ = {isa = PBXBuildFile; fileRef = 6496ED601C0F4B9C006E3B17 /* ViewController.xib */; };
		6496ED641C0F4CA5006E3B17 /* ModalController.swift in Sources */ = {isa = PBXBuildFile; fileRef = 6496ED621C0F4CA5006E3B17 /* ModalController.swift */; };
		6496ED651C0F4CA5006E3B17 /* ModalController.xib in Resources */ = {isa = PBXBuildFile; fileRef = 6496ED631C0F4CA5006E3B17 /* ModalController.xib */; };
		6496ED681C0F5084006E3B17 /* SecondaryController.swift in Sources */ = {isa = PBXBuildFile; fileRef = 6496ED661C0F5084006E3B17 /* SecondaryController.swift */; };
		6496ED691C0F5084006E3B17 /* SecondaryController.xib in Resources */ = {isa = PBXBuildFile; fileRef = 6496ED671C0F5084006E3B17 /* SecondaryController.xib */; };
/* End PBXBuildFile section */

/* Begin PBXFileReference section */
		6496ED491C0F4B47006E3B17 /* NoStoryboards.app */ = {isa = PBXFileReference; explicitFileType = wrapper.application; includeInIndex = 0; path = NoStoryboards.app; sourceTree = BUILT_PRODUCTS_DIR; };
		6496ED4C1C0F4B47006E3B17 /* AppDelegate.swift */ = {isa = PBXFileReference; lastKnownFileType = sourcecode.swift; path = AppDelegate.swift; sourceTree = "<group>"; };
		6496ED4E1C0F4B47006E3B17 /* ViewController.swift */ = {isa = PBXFileReference; lastKnownFileType = sourcecode.swift; path = ViewController.swift; sourceTree = "<group>"; };
		6496ED531C0F4B47006E3B17 /* Assets.xcassets */ = {isa = PBXFileReference; lastKnownFileType = folder.assetcatalog; path = Assets.xcassets; sourceTree = "<group>"; };
		6496ED561C0F4B47006E3B17 /* Base */ = {isa = PBXFileReference; lastKnownFileType = file.storyboard; name = Base; path = Base.lproj/LaunchScreen.storyboard; sourceTree = "<group>"; };
		6496ED581C0F4B47006E3B17 /* Info.plist */ = {isa = PBXFileReference; lastKnownFileType = text.plist.xml; path = Info.plist; sourceTree = "<group>"; };
		6496ED601C0F4B9C006E3B17 /* ViewController.xib */ = {isa = PBXFileReference; fileEncoding = 4; lastKnownFileType = file.xib; path = ViewController.xib; sourceTree = "<group>"; };
		6496ED621C0F4CA5006E3B17 /* ModalController.swift */ = {isa = PBXFileReference; fileEncoding = 4; lastKnownFileType = sourcecode.swift; path = ModalController.swift; sourceTree = "<group>"; };
		6496ED631C0F4CA5006E3B17 /* ModalController.xib */ = {isa = PBXFileReference; fileEncoding = 4; lastKnownFileType = file.xib; path = ModalController.xib; sourceTree = "<group>"; };
		6496ED661C0F5084006E3B17 /* SecondaryController.swift */ = {isa = PBXFileReference; fileEncoding = 4; lastKnownFileType = sourcecode.swift; path = SecondaryController.swift; sourceTree = "<group>"; };
		6496ED671C0F5084006E3B17 /* SecondaryController.xib */ = {isa = PBXFileReference; fileEncoding = 4; lastKnownFileType = file.xib; path = SecondaryController.xib; sourceTree = "<group>"; };
/* End PBXFileReference section */

/* Begin PBXFrameworksBuildPhase section */
		6496ED461C0F4B47006E3B17 /* Frameworks */ = {
			isa = PBXFrameworksBuildPhase;
			buildActionMask = 2147483647;
			files = (
			);
			runOnlyForDeploymentPostprocessing = 0;
		};
/* End PBXFrameworksBuildPhase section */

/* Begin PBXGroup section */
		6496ED401C0F4B47006E3B17 = {
			isa = PBXGroup;
			children = (
				6496ED4B1C0F4B47006E3B17 /* NoStoryboards */,
				6496ED4A1C0F4B47006E3B17 /* Products */,
			);
			sourceTree = "<group>";
		};
		6496ED4A1C0F4B47006E3B17 /* Products */ = {
			isa = PBXGroup;
			children = (
				6496ED491C0F4B47006E3B17 /* NoStoryboards.app */,
			);
			name = Products;
			sourceTree = "<group>";
		};
		6496ED4B1C0F4B47006E3B17 /* NoStoryboards */ = {
			isa = PBXGroup;
			children = (
				6496ED4C1C0F4B47006E3B17 /* AppDelegate.swift */,
				6496ED4E1C0F4B47006E3B17 /* ViewController.swift */,
				6496ED601C0F4B9C006E3B17 /* ViewController.xib */,
				6496ED621C0F4CA5006E3B17 /* ModalController.swift */,
				6496ED631C0F4CA5006E3B17 /* ModalController.xib */,
				6496ED661C0F5084006E3B17 /* SecondaryController.swift */,
				6496ED671C0F5084006E3B17 /* SecondaryController.xib */,
				6496ED531C0F4B47006E3B17 /* Assets.xcassets */,
				6496ED551C0F4B47006E3B17 /* LaunchScreen.storyboard */,
				6496ED581C0F4B47006E3B17 /* Info.plist */,
			);
			path = NoStoryboards;
			sourceTree = "<group>";
		};
/* End PBXGroup section */

/* Begin PBXNativeTarget section */
		6496ED481C0F4B47006E3B17 /* NoStoryboards */ = {
			isa = PBXNativeTarget;
			buildConfigurationList = 6496ED5B1C0F4B47006E3B17 /* Build configuration list for PBXNativeTarget "NoStoryboards" */;
			buildPhases = (
				6496ED451C0F4B47006E3B17 /* Sources */,
				6496ED461C0F4B47006E3B17 /* Frameworks */,
				6496ED471C0F4B47006E3B17 /* Resources */,
			);
			buildRules = (
			);
			dependencies = (
			);
			name = NoStoryboards;
			productName = NoStoryboards;
			productReference = 6496ED491C0F4B47006E3B17 /* NoStoryboards.app */;
			productType = "com.apple.product-type.application";
		};
/* End PBXNativeTarget section */

/* Begin PBXProject section */
		6496ED411C0F4B47006E3B17 /* Project object */ = {
			isa = PBXProject;
			attributes = {
				LastSwiftUpdateCheck = 0710;
				LastUpgradeCheck = 0710;
				ORGANIZATIONNAME = JohnHuang;
				TargetAttributes = {
					6496ED481C0F4B47006E3B17 = {
						CreatedOnToolsVersion = 7.1.1;
						DevelopmentTeam = M9LB9B2YG2;
					};
				};
			};
			buildConfigurationList = 6496ED441C0F4B47006E3B17 /* Build configuration list for PBXProject "NoStoryboards" */;
			compatibilityVersion = "Xcode 3.2";
			developmentRegion = English;
			hasScannedForEncodings = 0;
			knownRegions = (
				en,
				Base,
			);
			mainGroup = 6496ED401C0F4B47006E3B17;
			productRefGroup = 6496ED4A1C0F4B47006E3B17 /* Products */;
			projectDirPath = "";
			projectRoot = "";
			targets = (
				6496ED481C0F4B47006E3B17 /* NoStoryboards */,
			);
		};
/* End PBXProject section */

/* Begin PBXResourcesBuildPhase section */
		6496ED471C0F4B47006E3B17 /* Resources */ = {
			isa = PBXResourcesBuildPhase;
			buildActionMask = 2147483647;
			files = (
				6496ED571C0F4B47006E3B17 /* LaunchScreen.storyboard in Resources */,
				6496ED651C0F4CA5006E3B17 /* ModalController.xib in Resources */,
				6496ED611C0F4B9C006E3B17 /* ViewController.xib in Resources */,
				6496ED691C0F5084006E3B17 /* SecondaryController.xib in Resources */,
				6496ED541C0F4B47006E3B17 /* Assets.xcassets in Resources */,
			);
			runOnlyForDeploymentPostprocessing = 0;
		};
/* End PBXResourcesBuildPhase section */

/* Begin PBXSourcesBuildPhase section */
		6496ED451C0F4B47006E3B17 /* Sources */ = {
			isa = PBXSourcesBuildPhase;
			buildActionMask = 2147483647;
			files = (
				6496ED681C0F5084006E3B17 /* SecondaryController.swift in Sources */,
				6496ED4F1C0F4B47006E3B17 /* ViewController.swift in Sources */,
				6496ED641C0F4CA5006E3B17 /* ModalController.swift in Sources */,
				6496ED4D1C0F4B47006E3B17 /* AppDelegate.swift in Sources */,
			);
			runOnlyForDeploymentPostprocessing = 0;
		};
/* End PBXSourcesBuildPhase section */

/* Begin PBXVariantGroup section */
		6496ED551C0F4B47006E3B17 /* LaunchScreen.storyboard */ = {
			isa = PBXVariantGroup;
			children = (
				6496ED561C0F4B47006E3B17 /* Base */,
			);
			name = LaunchScreen.storyboard;
			sourceTree = "<group>";
		};
/* End PBXVariantGroup section */

/* Begin XCBuildConfiguration section */
		6496ED591C0F4B47006E3B17 /* Debug */ = {
			isa = XCBuildConfiguration;
			buildSettings = {
				ALWAYS_SEARCH_USER_PATHS = NO;
				CLANG_CXX_LANGUAGE_STANDARD = "gnu++0x";
				CLANG_CXX_LIBRARY = "libc++";
				CLANG_ENABLE_MODULES = YES;
				CLANG_ENABLE_OBJC_ARC = YES;
				CLANG_WARN_BOOL_CONVERSION = YES;
				CLANG_WARN_CONSTANT_CONVERSION = YES;
				CLANG_WARN_DIRECT_OBJC_ISA_USAGE = YES_ERROR;
				CLANG_WARN_EMPTY_BODY = YES;
				CLANG_WARN_ENUM_CONVERSION = YES;
				CLANG_WARN_INT_CONVERSION = YES;
				CLANG_WARN_OBJC_ROOT_CLASS = YES_ERROR;
				CLANG_WARN_UNREACHABLE_CODE = YES;
				CLANG_WARN__DUPLICATE_METHOD_MATCH = YES;
				"CODE_SIGN_IDENTITY[sdk=iphoneos*]" = "iPhone Developer";
				COPY_PHASE_STRIP = NO;
				DEBUG_INFORMATION_FORMAT = dwarf;
				ENABLE_STRICT_OBJC_MSGSEND = YES;
				ENABLE_TESTABILITY = YES;
				GCC_C_LANGUAGE_STANDARD = gnu99;
				GCC_DYNAMIC_NO_PIC = NO;
				GCC_NO_COMMON_BLOCKS = YES;
				GCC_OPTIMIZATION_LEVEL = 0;
				GCC_PREPROCESSOR_DEFINITIONS = (
					"DEBUG=1",
					"$(inherited)",
				);
				GCC_WARN_64_TO_32_BIT_CONVERSION = YES;
				GCC_WARN_ABOUT_RETURN_TYPE = YES_ERROR;
				GCC_WARN_UNDECLARED_SELECTOR = YES;
				GCC_WARN_UNINITIALIZED_AUTOS = YES_AGGRESSIVE;
				GCC_WARN_UNUSED_FUNCTION = YES;
				GCC_WARN_UNUSED_VARIABLE = YES;
				IPHONEOS_DEPLOYMENT_TARGET = 9.1;
				MTL_ENABLE_DEBUG_INFO = YES;
				ONLY_ACTIVE_ARCH = YES;
				SDKROOT = iphoneos;
				SWIFT_OPTIMIZATION_LEVEL = "-Onone";
				TARGETED_DEVICE_FAMILY = "1,2";
			};
			name = Debug;
		};
		6496ED5A1C0F4B47006E3B17 /* Release */ = {
			isa = XCBuildConfiguration;
			buildSettings = {
				ALWAYS_SEARCH_USER_PATHS = NO;
				CLANG_CXX_LANGUAGE_STANDARD = "gnu++0x";
				CLANG_CXX_LIBRARY = "libc++";
				CLANG_ENABLE_MODULES = YES;
				CLANG_ENABLE_OBJC_ARC = YES;
				CLANG_WARN_BOOL_CONVERSION = YES;
				CLANG_WARN_CONSTANT_CONVERSION = YES;
				CLANG_WARN_DIRECT_OBJC_ISA_USAGE = YES_ERROR;
				CLANG_WARN_EMPTY_BODY = YES;
				CLANG_WARN_ENUM_CONVERSION = YES;
				CLANG_WARN_INT_CONVERSION = YES;
				CLANG_WARN_OBJC_ROOT_CLASS = YES_ERROR;
				CLANG_WARN_UNREACHABLE_CODE = YES;
				CLANG_WARN__DUPLICATE_METHOD_MATCH = YES;
				"CODE_SIGN_IDENTITY[sdk=iphoneos*]" = "iPhone Developer";
				COPY_PHASE_STRIP = NO;
				DEBUG_INFORMATION_FORMAT = "dwarf-with-dsym";
				ENABLE_NS_ASSERTIONS = NO;
				ENABLE_STRICT_OBJC_MSGSEND = YES;
				GCC_C_LANGUAGE_STANDARD = gnu99;
				GCC_NO_COMMON_BLOCKS = YES;
				GCC_WARN_64_TO_32_BIT_CONVERSION = YES;
				GCC_WARN_ABOUT_RETURN_TYPE = YES_ERROR;
				GCC_WARN_UNDECLARED_SELECTOR = YES;
				GCC_WARN_UNINITIALIZED_AUTOS = YES_AGGRESSIVE;
				GCC_WARN_UNUSED_FUNCTION = YES;
				GCC_WARN_UNUSED_VARIABLE = YES;
				IPHONEOS_DEPLOYMENT_TARGET = 9.1;
				MTL_ENABLE_DEBUG_INFO = NO;
				SDKROOT = iphoneos;
				TARGETED_DEVICE_FAMILY = "1,2";
				VALIDATE_PRODUCT = YES;
			};
			name = Release;
		};
		6496ED5C1C0F4B47006E3B17 /* Debug */ = {
			isa = XCBuildConfiguration;
			buildSettings = {
				ASSETCATALOG_COMPILER_APPICON_NAME = AppIcon;
				INFOPLIST_FILE = NoStoryboards/Info.plist;
				LD_RUNPATH_SEARCH_PATHS = "$(inherited) @executable_path/Frameworks";
				PRODUCT_BUNDLE_IDENTIFIER = com.johnhuang.NoStoryboards;
				PRODUCT_NAME = "$(TARGET_NAME)";
			};
			name = Debug;
		};
		6496ED5D1C0F4B47006E3B17 /* Release */ = {
			isa = XCBuildConfiguration;
			buildSettings = {
				ASSETCATALOG_COMPILER_APPICON_NAME = AppIcon;
				INFOPLIST_FILE = NoStoryboards/Info.plist;
				LD_RUNPATH_SEARCH_PATHS = "$(inherited) @executable_path/Frameworks";
				PRODUCT_BUNDLE_IDENTIFIER = com.johnhuang.NoStoryboards;
				PRODUCT_NAME = "$(TARGET_NAME)";
			};
			name = Release;
		};
/* End XCBuildConfiguration section */

/* Begin XCConfigurationList section */
		6496ED441C0F4B47006E3B17 /* Build configuration list for PBXProject "NoStoryboards" */ = {
			isa = XCConfigurationList;
			buildConfigurations = (
				6496ED591C0F4B47006E3B17 /* Debug */,
				6496ED5A1C0F4B47006E3B17 /* Release */,
			);
			defaultConfigurationIsVisible = 0;
			defaultConfigurationName = Release;
		};
		6496ED5B1C0F4B47006E3B17 /* Build configuration list for PBXNativeTarget "NoStoryboards" */ = {
			isa = XCConfigurationList;
			buildConfigurations = (
				6496ED5C1C0F4B47006E3B17 /* Debug */,
				6496ED5D1C0F4B47006E3B17 /* Release */,
			);
			defaultConfigurationIsVisible = 0;
		};
/* End XCConfigurationList section */
	};
	rootObject = 6496ED411C0F4B47006E3B17 /* Project object */;
}
