// !$*UTF8*$!
{
	archiveVersion = 1;
	classes = {
	};
	objectVersion = 46;
	objects = {

/* Begin PBXBuildFile section */
		6451F0D21BBD730A002FEC2F /* AppDelegate.swift in Sources */ = {isa = PBXBuildFile; fileRef = 6451F0D11BBD730A002FEC2F /* AppDelegate.swift */; };
		6451F0D41BBD730A002FEC2F /* ViewController.swift in Sources */ = {isa = PBXBuildFile; fileRef = 6451F0D31BBD730A002FEC2F /* ViewController.swift */; };
		6451F0D71BBD730A002FEC2F /* Main.storyboard in Resources */ = {isa = PBXBuildFile; fileRef = 6451F0D51BBD730A002FEC2F /* Main.storyboard */; };
		6451F0D91BBD730A002FEC2F /* Assets.xcassets in Resources */ = {isa = PBXBuildFile; fileRef = 6451F0D81BBD730A002FEC2F /* Assets.xcassets */; };
		6451F0DC1BBD730A002FEC2F /* LaunchScreen.storyboard in Resources */ = {isa = PBXBuildFile; fileRef = 6451F0DA1BBD730A002FEC2F /* LaunchScreen.storyboard */; };
/* End PBXBuildFile section */

/* Begin PBXFileReference section */
		6451F0CE1BBD730A002FEC2F /* Day11 - TextFieldDelegate.app */ = {isa = PBXFileReference; explicitFileType = wrapper.application; includeInIndex = 0; path = "Day11 - TextFieldDelegate.app"; sourceTree = BUILT_PRODUCTS_DIR; };
		6451F0D11BBD730A002FEC2F /* AppDelegate.swift */ = {isa = PBXFileReference; lastKnownFileType = sourcecode.swift; path = AppDelegate.swift; sourceTree = "<group>"; };
		6451F0D31BBD730A002FEC2F /* ViewController.swift */ = {isa = PBXFileReference; lastKnownFileType = sourcecode.swift; path = ViewController.swift; sourceTree = "<group>"; };
		6451F0D61BBD730A002FEC2F /* Base */ = {isa = PBXFileReference; lastKnownFileType = file.storyboard; name = Base; path = Base.lproj/Main.storyboard; sourceTree = "<group>"; };
		6451F0D81BBD730A002FEC2F /* Assets.xcassets */ = {isa = PBXFileReference; lastKnownFileType = folder.assetcatalog; path = Assets.xcassets; sourceTree = "<group>"; };
		6451F0DB1BBD730A002FEC2F /* Base */ = {isa = PBXFileReference; lastKnownFileType = file.storyboard; name = Base; path = Base.lproj/LaunchScreen.storyboard; sourceTree = "<group>"; };
		6451F0DD1BBD730A002FEC2F /* Info.plist */ = {isa = PBXFileReference; lastKnownFileType = text.plist.xml; path = Info.plist; sourceTree = "<group>"; };
/* End PBXFileReference section */

/* Begin PBXFrameworksBuildPhase section */
		6451F0CB1BBD730A002FEC2F /* Frameworks */ = {
			isa = PBXFrameworksBuildPhase;
			buildActionMask = 2147483647;
			files = (
			);
			runOnlyForDeploymentPostprocessing = 0;
		};
/* End PBXFrameworksBuildPhase section */

/* Begin PBXGroup section */
		6451F0C51BBD730A002FEC2F = {
			isa = PBXGroup;
			children = (
				6451F0D01BBD730A002FEC2F /* Day11 - TextFieldDelegate */,
				6451F0CF1BBD730A002FEC2F /* Products */,
			);
			sourceTree = "<group>";
		};
		6451F0CF1BBD730A002FEC2F /* Products */ = {
			isa = PBXGroup;
			children = (
				6451F0CE1BBD730A002FEC2F /* Day11 - TextFieldDelegate.app */,
			);
			name = Products;
			sourceTree = "<group>";
		};
		6451F0D01BBD730A002FEC2F /* Day11 - TextFieldDelegate */ = {
			isa = PBXGroup;
			children = (
				6451F0D11BBD730A002FEC2F /* AppDelegate.swift */,
				6451F0D31BBD730A002FEC2F /* ViewController.swift */,
				6451F0D51BBD730A002FEC2F /* Main.storyboard */,
				6451F0D81BBD730A002FEC2F /* Assets.xcassets */,
				6451F0DA1BBD730A002FEC2F /* LaunchScreen.storyboard */,
				6451F0DD1BBD730A002FEC2F /* Info.plist */,
			);
			path = "Day11 - TextFieldDelegate";
			sourceTree = "<group>";
		};
/* End PBXGroup section */

/* Begin PBXNativeTarget section */
		6451F0CD1BBD730A002FEC2F /* Day11 - TextFieldDelegate */ = {
			isa = PBXNativeTarget;
			buildConfigurationList = 6451F0E01BBD730A002FEC2F /* Build configuration list for PBXNativeTarget "Day11 - TextFieldDelegate" */;
			buildPhases = (
				6451F0CA1BBD730A002FEC2F /* Sources */,
				6451F0CB1BBD730A002FEC2F /* Frameworks */,
				6451F0CC1BBD730A002FEC2F /* Resources */,
			);
			buildRules = (
			);
			dependencies = (
			);
			name = "Day11 - TextFieldDelegate";
			productName = "Day11 - TextFieldDelegate";
			productReference = 6451F0CE1BBD730A002FEC2F /* Day11 - TextFieldDelegate.app */;
			productType = "com.apple.product-type.application";
		};
/* End PBXNativeTarget section */

/* Begin PBXProject section */
		6451F0C61BBD730A002FEC2F /* Project object */ = {
			isa = PBXProject;
			attributes = {
				LastUpgradeCheck = 0700;
				ORGANIZATIONNAME = JohnHuang;
				TargetAttributes = {
					6451F0CD1BBD730A002FEC2F = {
						CreatedOnToolsVersion = 7.0.1;
					};
				};
			};
			buildConfigurationList = 6451F0C91BBD730A002FEC2F /* Build configuration list for PBXProject "Day11 - TextFieldDelegate" */;
			compatibilityVersion = "Xcode 3.2";
			developmentRegion = English;
			hasScannedForEncodings = 0;
			knownRegions = (
				en,
				Base,
			);
			mainGroup = 6451F0C51BBD730A002FEC2F;
			productRefGroup = 6451F0CF1BBD730A002FEC2F /* Products */;
			projectDirPath = "";
			projectRoot = "";
			targets = (
				6451F0CD1BBD730A002FEC2F /* Day11 - TextFieldDelegate */,
			);
		};
/* End PBXProject section */

/* Begin PBXResourcesBuildPhase section */
		6451F0CC1BBD730A002FEC2F /* Resources */ = {
			isa = PBXResourcesBuildPhase;
			buildActionMask = 2147483647;
			files = (
				6451F0DC1BBD730A002FEC2F /* LaunchScreen.storyboard in Resources */,
				6451F0D91BBD730A002FEC2F /* Assets.xcassets in Resources */,
				6451F0D71BBD730A002FEC2F /* Main.storyboard in Resources */,
			);
			runOnlyForDeploymentPostprocessing = 0;
		};
/* End PBXResourcesBuildPhase section */

/* Begin PBXSourcesBuildPhase section */
		6451F0CA1BBD730A002FEC2F /* Sources */ = {
			isa = PBXSourcesBuildPhase;
			buildActionMask = 2147483647;
			files = (
				6451F0D41BBD730A002FEC2F /* ViewController.swift in Sources */,
				6451F0D21BBD730A002FEC2F /* AppDelegate.swift in Sources */,
			);
			runOnlyForDeploymentPostprocessing = 0;
		};
/* End PBXSourcesBuildPhase section */

/* Begin PBXVariantGroup section */
		6451F0D51BBD730A002FEC2F /* Main.storyboard */ = {
			isa = PBXVariantGroup;
			children = (
				6451F0D61BBD730A002FEC2F /* Base */,
			);
			name = Main.storyboard;
			sourceTree = "<group>";
		};
		6451F0DA1BBD730A002FEC2F /* LaunchScreen.storyboard */ = {
			isa = PBXVariantGroup;
			children = (
				6451F0DB1BBD730A002FEC2F /* Base */,
			);
			name = LaunchScreen.storyboard;
			sourceTree = "<group>";
		};
/* End PBXVariantGroup section */

/* Begin XCBuildConfiguration section */
		6451F0DE1BBD730A002FEC2F /* Debug */ = {
			isa = XCBuildConfiguration;
			buildSettings = {
				ALWAYS_SEARCH_USER_PATHS = NO;
				CLANG_CXX_LANGUAGE_STANDARD = "gnu++0x";
				CLANG_CXX_LIBRARY = "libc++";
				CLANG_ENABLE_MODULES = YES;
				CLANG_ENABLE_OBJC_ARC = YES;
				CLANG_WARN_BOOL_CONVERSION = YES;
				CLANG_WARN_CONSTANT_CONVERSION = YES;
				CLANG_WARN_DIRECT_OBJC_ISA_USAGE = YES_ERROR;
				CLANG_WARN_EMPTY_BODY = YES;
				CLANG_WARN_ENUM_CONVERSION = YES;
				CLANG_WARN_INT_CONVERSION = YES;
				CLANG_WARN_OBJC_ROOT_CLASS = YES_ERROR;
				CLANG_WARN_UNREACHABLE_CODE = YES;
				CLANG_WARN__DUPLICATE_METHOD_MATCH = YES;
				"CODE_SIGN_IDENTITY[sdk=iphoneos*]" = "iPhone Developer";
				COPY_PHASE_STRIP = NO;
				DEBUG_INFORMATION_FORMAT = dwarf;
				ENABLE_STRICT_OBJC_MSGSEND = YES;
				ENABLE_TESTABILITY = YES;
				GCC_C_LANGUAGE_STANDARD = gnu99;
				GCC_DYNAMIC_NO_PIC = NO;
				GCC_NO_COMMON_BLOCKS = YES;
				GCC_OPTIMIZATION_LEVEL = 0;
				GCC_PREPROCESSOR_DEFINITIONS = (
					"DEBUG=1",
					"$(inherited)",
				);
				GCC_WARN_64_TO_32_BIT_CONVERSION = YES;
				GCC_WARN_ABOUT_RETURN_TYPE = YES_ERROR;
				GCC_WARN_UNDECLARED_SELECTOR = YES;
				GCC_WARN_UNINITIALIZED_AUTOS = YES_AGGRESSIVE;
				GCC_WARN_UNUSED_FUNCTION = YES;
				GCC_WARN_UNUSED_VARIABLE = YES;
				IPHONEOS_DEPLOYMENT_TARGET = 9.0;
				MTL_ENABLE_DEBUG_INFO = YES;
				ONLY_ACTIVE_ARCH = YES;
				SDKROOT = iphoneos;
				SWIFT_OPTIMIZATION_LEVEL = "-Onone";
			};
			name = Debug;
		};
		6451F0DF1BBD730A002FEC2F /* Release */ = {
			isa = XCBuildConfiguration;
			buildSettings = {
				ALWAYS_SEARCH_USER_PATHS = NO;
				CLANG_CXX_LANGUAGE_STANDARD = "gnu++0x";
				CLANG_CXX_LIBRARY = "libc++";
				CLANG_ENABLE_MODULES = YES;
				CLANG_ENABLE_OBJC_ARC = YES;
				CLANG_WARN_BOOL_CONVERSION = YES;
				CLANG_WARN_CONSTANT_CONVERSION = YES;
				CLANG_WARN_DIRECT_OBJC_ISA_USAGE = YES_ERROR;
				CLANG_WARN_EMPTY_BODY = YES;
				CLANG_WARN_ENUM_CONVERSION = YES;
				CLANG_WARN_INT_CONVERSION = YES;
				CLANG_WARN_OBJC_ROOT_CLASS = YES_ERROR;
				CLANG_WARN_UNREACHABLE_CODE = YES;
				CLANG_WARN__DUPLICATE_METHOD_MATCH = YES;
				"CODE_SIGN_IDENTITY[sdk=iphoneos*]" = "iPhone Developer";
				COPY_PHASE_STRIP = NO;
				DEBUG_INFORMATION_FORMAT = "dwarf-with-dsym";
				ENABLE_NS_ASSERTIONS = NO;
				ENABLE_STRICT_OBJC_MSGSEND = YES;
				GCC_C_LANGUAGE_STANDARD = gnu99;
				GCC_NO_COMMON_BLOCKS = YES;
				GCC_WARN_64_TO_32_BIT_CONVERSION = YES;
				GCC_WARN_ABOUT_RETURN_TYPE = YES_ERROR;
				GCC_WARN_UNDECLARED_SELECTOR = YES;
				GCC_WARN_UNINITIALIZED_AUTOS = YES_AGGRESSIVE;
				GCC_WARN_UNUSED_FUNCTION = YES;
				GCC_WARN_UNUSED_VARIABLE = YES;
				IPHONEOS_DEPLOYMENT_TARGET = 9.0;
				MTL_ENABLE_DEBUG_INFO = NO;
				SDKROOT = iphoneos;
				VALIDATE_PRODUCT = YES;
			};
			name = Release;
		};
		6451F0E11BBD730A002FEC2F /* Debug */ = {
			isa = XCBuildConfiguration;
			buildSettings = {
				ASSETCATALOG_COMPILER_APPICON_NAME = AppIcon;
				INFOPLIST_FILE = "Day11 - TextFieldDelegate/Info.plist";
				LD_RUNPATH_SEARCH_PATHS = "$(inherited) @executable_path/Frameworks";
				PRODUCT_BUNDLE_IDENTIFIER = "com.johnhuang.Day11---TextFieldDelegate";
				PRODUCT_NAME = "$(TARGET_NAME)";
			};
			name = Debug;
		};
		6451F0E21BBD730A002FEC2F /* Release */ = {
			isa = XCBuildConfiguration;
			buildSettings = {
				ASSETCATALOG_COMPILER_APPICON_NAME = AppIcon;
				INFOPLIST_FILE = "Day11 - TextFieldDelegate/Info.plist";
				LD_RUNPATH_SEARCH_PATHS = "$(inherited) @executable_path/Frameworks";
				PRODUCT_BUNDLE_IDENTIFIER = "com.johnhuang.Day11---TextFieldDelegate";
				PRODUCT_NAME = "$(TARGET_NAME)";
			};
			name = Release;
		};
/* End XCBuildConfiguration section */

/* Begin XCConfigurationList section */
		6451F0C91BBD730A002FEC2F /* Build configuration list for PBXProject "Day11 - TextFieldDelegate" */ = {
			isa = XCConfigurationList;
			buildConfigurations = (
				6451F0DE1BBD730A002FEC2F /* Debug */,
				6451F0DF1BBD730A002FEC2F /* Release */,
			);
			defaultConfigurationIsVisible = 0;
			defaultConfigurationName = Release;
		};
		6451F0E01BBD730A002FEC2F /* Build configuration list for PBXNativeTarget "Day11 - TextFieldDelegate" */ = {
			isa = XCConfigurationList;
			buildConfigurations = (
				6451F0E11BBD730A002FEC2F /* Debug */,
				6451F0E21BBD730A002FEC2F /* Release */,
			);
			defaultConfigurationIsVisible = 0;
		};
/* End XCConfigurationList section */
	};
	rootObject = 6451F0C61BBD730A002FEC2F /* Project object */;
}
