// !$*UTF8*$!
{
	archiveVersion = 1;
	classes = {
	};
	objectVersion = 46;
	objects = {

/* Begin PBXBuildFile section */
		64A809CC1C04B57400BCDB13 /* AppDelegate.swift in Sources */ = {isa = PBXBuildFile; fileRef = 64A809CB1C04B57400BCDB13 /* AppDelegate.swift */; };
		64A809D31C04B57400BCDB13 /* Assets.xcassets in Resources */ = {isa = PBXBuildFile; fileRef = 64A809D21C04B57400BCDB13 /* Assets.xcassets */; };
		64A809D61C04B57400BCDB13 /* LaunchScreen.storyboard in Resources */ = {isa = PBXBuildFile; fileRef = 64A809D41C04B57400BCDB13 /* LaunchScreen.storyboard */; };
		64A809DE1C04B58D00BCDB13 /* Colorboard.storyboard in Resources */ = {isa = PBXBuildFile; fileRef = 64A809DD1C04B58D00BCDB13 /* Colorboard.storyboard */; };
		64A809E01C04BA6500BCDB13 /* BNRColorViewController.swift in Sources */ = {isa = PBXBuildFile; fileRef = 64A809DF1C04BA6500BCDB13 /* BNRColorViewController.swift */; };
		64A809E21C04BE5A00BCDB13 /* BNRPaletteTableViewController.swift in Sources */ = {isa = PBXBuildFile; fileRef = 64A809E11C04BE5A00BCDB13 /* BNRPaletteTableViewController.swift */; };
		64A809E41C04BF4C00BCDB13 /* BNRColorDescription.swift in Sources */ = {isa = PBXBuildFile; fileRef = 64A809E31C04BF4C00BCDB13 /* BNRColorDescription.swift */; };
/* End PBXBuildFile section */

/* Begin PBXFileReference section */
		64A809C81C04B57400BCDB13 /* Colorboard.app */ = {isa = PBXFileReference; explicitFileType = wrapper.application; includeInIndex = 0; path = Colorboard.app; sourceTree = BUILT_PRODUCTS_DIR; };
		64A809CB1C04B57400BCDB13 /* AppDelegate.swift */ = {isa = PBXFileReference; lastKnownFileType = sourcecode.swift; path = AppDelegate.swift; sourceTree = "<group>"; };
		64A809D21C04B57400BCDB13 /* Assets.xcassets */ = {isa = PBXFileReference; lastKnownFileType = folder.assetcatalog; path = Assets.xcassets; sourceTree = "<group>"; };
		64A809D51C04B57400BCDB13 /* Base */ = {isa = PBXFileReference; lastKnownFileType = file.storyboard; name = Base; path = Base.lproj/LaunchScreen.storyboard; sourceTree = "<group>"; };
		64A809D71C04B57400BCDB13 /* Info.plist */ = {isa = PBXFileReference; lastKnownFileType = text.plist.xml; path = Info.plist; sourceTree = "<group>"; };
		64A809DD1C04B58D00BCDB13 /* Colorboard.storyboard */ = {isa = PBXFileReference; fileEncoding = 4; lastKnownFileType = file.storyboard; path = Colorboard.storyboard; sourceTree = "<group>"; };
		64A809DF1C04BA6500BCDB13 /* BNRColorViewController.swift */ = {isa = PBXFileReference; fileEncoding = 4; lastKnownFileType = sourcecode.swift; path = BNRColorViewController.swift; sourceTree = "<group>"; };
		64A809E11C04BE5A00BCDB13 /* BNRPaletteTableViewController.swift */ = {isa = PBXFileReference; fileEncoding = 4; lastKnownFileType = sourcecode.swift; path = BNRPaletteTableViewController.swift; sourceTree = "<group>"; };
		64A809E31C04BF4C00BCDB13 /* BNRColorDescription.swift */ = {isa = PBXFileReference; fileEncoding = 4; lastKnownFileType = sourcecode.swift; path = BNRColorDescription.swift; sourceTree = "<group>"; };
/* End PBXFileReference section */

/* Begin PBXFrameworksBuildPhase section */
		64A809C51C04B57400BCDB13 /* Frameworks */ = {
			isa = PBXFrameworksBuildPhase;
			buildActionMask = 2147483647;
			files = (
			);
			runOnlyForDeploymentPostprocessing = 0;
		};
/* End PBXFrameworksBuildPhase section */

/* Begin PBXGroup section */
		64A809BF1C04B57400BCDB13 = {
			isa = PBXGroup;
			children = (
				64A809CA1C04B57400BCDB13 /* Colorboard */,
				64A809C91C04B57400BCDB13 /* Products */,
			);
			sourceTree = "<group>";
		};
		64A809C91C04B57400BCDB13 /* Products */ = {
			isa = PBXGroup;
			children = (
				64A809C81C04B57400BCDB13 /* Colorboard.app */,
			);
			name = Products;
			sourceTree = "<group>";
		};
		64A809CA1C04B57400BCDB13 /* Colorboard */ = {
			isa = PBXGroup;
			children = (
				64A809CB1C04B57400BCDB13 /* AppDelegate.swift */,
				64A809DD1C04B58D00BCDB13 /* Colorboard.storyboard */,
				64A809D21C04B57400BCDB13 /* Assets.xcassets */,
				64A809D41C04B57400BCDB13 /* LaunchScreen.storyboard */,
				64A809D71C04B57400BCDB13 /* Info.plist */,
				64A809DF1C04BA6500BCDB13 /* BNRColorViewController.swift */,
				64A809E11C04BE5A00BCDB13 /* BNRPaletteTableViewController.swift */,
				64A809E31C04BF4C00BCDB13 /* BNRColorDescription.swift */,
			);
			path = Colorboard;
			sourceTree = "<group>";
		};
/* End PBXGroup section */

/* Begin PBXNativeTarget section */
		64A809C71C04B57400BCDB13 /* Colorboard */ = {
			isa = PBXNativeTarget;
			buildConfigurationList = 64A809DA1C04B57400BCDB13 /* Build configuration list for PBXNativeTarget "Colorboard" */;
			buildPhases = (
				64A809C41C04B57400BCDB13 /* Sources */,
				64A809C51C04B57400BCDB13 /* Frameworks */,
				64A809C61C04B57400BCDB13 /* Resources */,
			);
			buildRules = (
			);
			dependencies = (
			);
			name = Colorboard;
			productName = Colorboard;
			productReference = 64A809C81C04B57400BCDB13 /* Colorboard.app */;
			productType = "com.apple.product-type.application";
		};
/* End PBXNativeTarget section */

/* Begin PBXProject section */
		64A809C01C04B57400BCDB13 /* Project object */ = {
			isa = PBXProject;
			attributes = {
				LastSwiftUpdateCheck = 0710;
				LastUpgradeCheck = 0710;
				ORGANIZATIONNAME = JohnHuang;
				TargetAttributes = {
					64A809C71C04B57400BCDB13 = {
						CreatedOnToolsVersion = 7.1.1;
						DevelopmentTeam = M9LB9B2YG2;
					};
				};
			};
			buildConfigurationList = 64A809C31C04B57400BCDB13 /* Build configuration list for PBXProject "Colorboard" */;
			compatibilityVersion = "Xcode 3.2";
			developmentRegion = English;
			hasScannedForEncodings = 0;
			knownRegions = (
				en,
				Base,
			);
			mainGroup = 64A809BF1C04B57400BCDB13;
			productRefGroup = 64A809C91C04B57400BCDB13 /* Products */;
			projectDirPath = "";
			projectRoot = "";
			targets = (
				64A809C71C04B57400BCDB13 /* Colorboard */,
			);
		};
/* End PBXProject section */

/* Begin PBXResourcesBuildPhase section */
		64A809C61C04B57400BCDB13 /* Resources */ = {
			isa = PBXResourcesBuildPhase;
			buildActionMask = 2147483647;
			files = (
				64A809DE1C04B58D00BCDB13 /* Colorboard.storyboard in Resources */,
				64A809D61C04B57400BCDB13 /* LaunchScreen.storyboard in Resources */,
				64A809D31C04B57400BCDB13 /* Assets.xcassets in Resources */,
			);
			runOnlyForDeploymentPostprocessing = 0;
		};
/* End PBXResourcesBuildPhase section */

/* Begin PBXSourcesBuildPhase section */
		64A809C41C04B57400BCDB13 /* Sources */ = {
			isa = PBXSourcesBuildPhase;
			buildActionMask = 2147483647;
			files = (
				64A809CC1C04B57400BCDB13 /* AppDelegate.swift in Sources */,
				64A809E41C04BF4C00BCDB13 /* BNRColorDescription.swift in Sources */,
				64A809E01C04BA6500BCDB13 /* BNRColorViewController.swift in Sources */,
				64A809E21C04BE5A00BCDB13 /* BNRPaletteTableViewController.swift in Sources */,
			);
			runOnlyForDeploymentPostprocessing = 0;
		};
/* End PBXSourcesBuildPhase section */

/* Begin PBXVariantGroup section */
		64A809D41C04B57400BCDB13 /* LaunchScreen.storyboard */ = {
			isa = PBXVariantGroup;
			children = (
				64A809D51C04B57400BCDB13 /* Base */,
			);
			name = LaunchScreen.storyboard;
			sourceTree = "<group>";
		};
/* End PBXVariantGroup section */

/* Begin XCBuildConfiguration section */
		64A809D81C04B57400BCDB13 /* Debug */ = {
			isa = XCBuildConfiguration;
			buildSettings = {
				ALWAYS_SEARCH_USER_PATHS = NO;
				CLANG_CXX_LANGUAGE_STANDARD = "gnu++0x";
				CLANG_CXX_LIBRARY = "libc++";
				CLANG_ENABLE_MODULES = YES;
				CLANG_ENABLE_OBJC_ARC = YES;
				CLANG_WARN_BOOL_CONVERSION = YES;
				CLANG_WARN_CONSTANT_CONVERSION = YES;
				CLANG_WARN_DIRECT_OBJC_ISA_USAGE = YES_ERROR;
				CLANG_WARN_EMPTY_BODY = YES;
				CLANG_WARN_ENUM_CONVERSION = YES;
				CLANG_WARN_INT_CONVERSION = YES;
				CLANG_WARN_OBJC_ROOT_CLASS = YES_ERROR;
				CLANG_WARN_UNREACHABLE_CODE = YES;
				CLANG_WARN__DUPLICATE_METHOD_MATCH = YES;
				"CODE_SIGN_IDENTITY[sdk=iphoneos*]" = "iPhone Developer";
				COPY_PHASE_STRIP = NO;
				DEBUG_INFORMATION_FORMAT = dwarf;
				ENABLE_STRICT_OBJC_MSGSEND = YES;
				ENABLE_TESTABILITY = YES;
				GCC_C_LANGUAGE_STANDARD = gnu99;
				GCC_DYNAMIC_NO_PIC = NO;
				GCC_NO_COMMON_BLOCKS = YES;
				GCC_OPTIMIZATION_LEVEL = 0;
				GCC_PREPROCESSOR_DEFINITIONS = (
					"DEBUG=1",
					"$(inherited)",
				);
				GCC_WARN_64_TO_32_BIT_CONVERSION = YES;
				GCC_WARN_ABOUT_RETURN_TYPE = YES_ERROR;
				GCC_WARN_UNDECLARED_SELECTOR = YES;
				GCC_WARN_UNINITIALIZED_AUTOS = YES_AGGRESSIVE;
				GCC_WARN_UNUSED_FUNCTION = YES;
				GCC_WARN_UNUSED_VARIABLE = YES;
				IPHONEOS_DEPLOYMENT_TARGET = 9.1;
				MTL_ENABLE_DEBUG_INFO = YES;
				ONLY_ACTIVE_ARCH = YES;
				SDKROOT = iphoneos;
				SWIFT_OPTIMIZATION_LEVEL = "-Onone";
			};
			name = Debug;
		};
		64A809D91C04B57400BCDB13 /* Release */ = {
			isa = XCBuildConfiguration;
			buildSettings = {
				ALWAYS_SEARCH_USER_PATHS = NO;
				CLANG_CXX_LANGUAGE_STANDARD = "gnu++0x";
				CLANG_CXX_LIBRARY = "libc++";
				CLANG_ENABLE_MODULES = YES;
				CLANG_ENABLE_OBJC_ARC = YES;
				CLANG_WARN_BOOL_CONVERSION = YES;
				CLANG_WARN_CONSTANT_CONVERSION = YES;
				CLANG_WARN_DIRECT_OBJC_ISA_USAGE = YES_ERROR;
				CLANG_WARN_EMPTY_BODY = YES;
				CLANG_WARN_ENUM_CONVERSION = YES;
				CLANG_WARN_INT_CONVERSION = YES;
				CLANG_WARN_OBJC_ROOT_CLASS = YES_ERROR;
				CLANG_WARN_UNREACHABLE_CODE = YES;
				CLANG_WARN__DUPLICATE_METHOD_MATCH = YES;
				"CODE_SIGN_IDENTITY[sdk=iphoneos*]" = "iPhone Developer";
				COPY_PHASE_STRIP = NO;
				DEBUG_INFORMATION_FORMAT = "dwarf-with-dsym";
				ENABLE_NS_ASSERTIONS = NO;
				ENABLE_STRICT_OBJC_MSGSEND = YES;
				GCC_C_LANGUAGE_STANDARD = gnu99;
				GCC_NO_COMMON_BLOCKS = YES;
				GCC_WARN_64_TO_32_BIT_CONVERSION = YES;
				GCC_WARN_ABOUT_RETURN_TYPE = YES_ERROR;
				GCC_WARN_UNDECLARED_SELECTOR = YES;
				GCC_WARN_UNINITIALIZED_AUTOS = YES_AGGRESSIVE;
				GCC_WARN_UNUSED_FUNCTION = YES;
				GCC_WARN_UNUSED_VARIABLE = YES;
				IPHONEOS_DEPLOYMENT_TARGET = 9.1;
				MTL_ENABLE_DEBUG_INFO = NO;
				SDKROOT = iphoneos;
				VALIDATE_PRODUCT = YES;
			};
			name = Release;
		};
		64A809DB1C04B57400BCDB13 /* Debug */ = {
			isa = XCBuildConfiguration;
			buildSettings = {
				ASSETCATALOG_COMPILER_APPICON_NAME = AppIcon;
				INFOPLIST_FILE = Colorboard/Info.plist;
				LD_RUNPATH_SEARCH_PATHS = "$(inherited) @executable_path/Frameworks";
				PRODUCT_BUNDLE_IDENTIFIER = com.johnhuang.Colorboard;
				PRODUCT_NAME = "$(TARGET_NAME)";
			};
			name = Debug;
		};
		64A809DC1C04B57400BCDB13 /* Release */ = {
			isa = XCBuildConfiguration;
			buildSettings = {
				ASSETCATALOG_COMPILER_APPICON_NAME = AppIcon;
				INFOPLIST_FILE = Colorboard/Info.plist;
				LD_RUNPATH_SEARCH_PATHS = "$(inherited) @executable_path/Frameworks";
				PRODUCT_BUNDLE_IDENTIFIER = com.johnhuang.Colorboard;
				PRODUCT_NAME = "$(TARGET_NAME)";
			};
			name = Release;
		};
/* End XCBuildConfiguration section */

/* Begin XCConfigurationList section */
		64A809C31C04B57400BCDB13 /* Build configuration list for PBXProject "Colorboard" */ = {
			isa = XCConfigurationList;
			buildConfigurations = (
				64A809D81C04B57400BCDB13 /* Debug */,
				64A809D91C04B57400BCDB13 /* Release */,
			);
			defaultConfigurationIsVisible = 0;
			defaultConfigurationName = Release;
		};
		64A809DA1C04B57400BCDB13 /* Build configuration list for PBXNativeTarget "Colorboard" */ = {
			isa = XCConfigurationList;
			buildConfigurations = (
				64A809DB1C04B57400BCDB13 /* Debug */,
				64A809DC1C04B57400BCDB13 /* Release */,
			);
			defaultConfigurationIsVisible = 0;
		};
/* End XCConfigurationList section */
	};
	rootObject = 64A809C01C04B57400BCDB13 /* Project object */;
}
