// !$*UTF8*$!
{
	archiveVersion = 1;
	classes = {
	};
	objectVersion = 46;
	objects = {

/* Begin PBXBuildFile section */
		64A808D11BF6D4DB00BCDB13 /* AppDelegate.swift in Sources */ = {isa = PBXBuildFile; fileRef = 64A808D01BF6D4DB00BCDB13 /* AppDelegate.swift */; };
		64A808D31BF6D4DB00BCDB13 /* ViewController.swift in Sources */ = {isa = PBXBuildFile; fileRef = 64A808D21BF6D4DB00BCDB13 /* ViewController.swift */; };
		64A808D61BF6D4DB00BCDB13 /* Main.storyboard in Resources */ = {isa = PBXBuildFile; fileRef = 64A808D41BF6D4DB00BCDB13 /* Main.storyboard */; };
		64A808D81BF6D4DB00BCDB13 /* Assets.xcassets in Resources */ = {isa = PBXBuildFile; fileRef = 64A808D71BF6D4DB00BCDB13 /* Assets.xcassets */; };
		64A808DB1BF6D4DB00BCDB13 /* LaunchScreen.storyboard in Resources */ = {isa = PBXBuildFile; fileRef = 64A808D91BF6D4DB00BCDB13 /* LaunchScreen.storyboard */; };
		64A808E31BF7FE4F00BCDB13 /* background.png in Resources */ = {isa = PBXBuildFile; fileRef = 64A808E21BF7FE4F00BCDB13 /* background.png */; };
/* End PBXBuildFile section */

/* Begin PBXFileReference section */
		64A808CD1BF6D4DB00BCDB13 /* Whats The Weather.app */ = {isa = PBXFileReference; explicitFileType = wrapper.application; includeInIndex = 0; path = "Whats The Weather.app"; sourceTree = BUILT_PRODUCTS_DIR; };
		64A808D01BF6D4DB00BCDB13 /* AppDelegate.swift */ = {isa = PBXFileReference; lastKnownFileType = sourcecode.swift; path = AppDelegate.swift; sourceTree = "<group>"; };
		64A808D21BF6D4DB00BCDB13 /* ViewController.swift */ = {isa = PBXFileReference; lastKnownFileType = sourcecode.swift; path = ViewController.swift; sourceTree = "<group>"; };
		64A808D51BF6D4DB00BCDB13 /* Base */ = {isa = PBXFileReference; lastKnownFileType = file.storyboard; name = Base; path = Base.lproj/Main.storyboard; sourceTree = "<group>"; };
		64A808D71BF6D4DB00BCDB13 /* Assets.xcassets */ = {isa = PBXFileReference; lastKnownFileType = folder.assetcatalog; path = Assets.xcassets; sourceTree = "<group>"; };
		64A808DA1BF6D4DB00BCDB13 /* Base */ = {isa = PBXFileReference; lastKnownFileType = file.storyboard; name = Base; path = Base.lproj/LaunchScreen.storyboard; sourceTree = "<group>"; };
		64A808DC1BF6D4DB00BCDB13 /* Info.plist */ = {isa = PBXFileReference; lastKnownFileType = text.plist.xml; path = Info.plist; sourceTree = "<group>"; };
		64A808E21BF7FE4F00BCDB13 /* background.png */ = {isa = PBXFileReference; lastKnownFileType = image.png; path = background.png; sourceTree = "<group>"; };
/* End PBXFileReference section */

/* Begin PBXFrameworksBuildPhase section */
		64A808CA1BF6D4DB00BCDB13 /* Frameworks */ = {
			isa = PBXFrameworksBuildPhase;
			buildActionMask = 2147483647;
			files = (
			);
			runOnlyForDeploymentPostprocessing = 0;
		};
/* End PBXFrameworksBuildPhase section */

/* Begin PBXGroup section */
		64A808C41BF6D4DB00BCDB13 = {
			isa = PBXGroup;
			children = (
				64A808CF1BF6D4DB00BCDB13 /* Whats The Weather */,
				64A808CE1BF6D4DB00BCDB13 /* Products */,
			);
			sourceTree = "<group>";
		};
		64A808CE1BF6D4DB00BCDB13 /* Products */ = {
			isa = PBXGroup;
			children = (
				64A808CD1BF6D4DB00BCDB13 /* Whats The Weather.app */,
			);
			name = Products;
			sourceTree = "<group>";
		};
		64A808CF1BF6D4DB00BCDB13 /* Whats The Weather */ = {
			isa = PBXGroup;
			children = (
				64A808D01BF6D4DB00BCDB13 /* AppDelegate.swift */,
				64A808D21BF6D4DB00BCDB13 /* ViewController.swift */,
				64A808D41BF6D4DB00BCDB13 /* Main.storyboard */,
				64A808E21BF7FE4F00BCDB13 /* background.png */,
				64A808D71BF6D4DB00BCDB13 /* Assets.xcassets */,
				64A808D91BF6D4DB00BCDB13 /* LaunchScreen.storyboard */,
				64A808DC1BF6D4DB00BCDB13 /* Info.plist */,
			);
			path = "Whats The Weather";
			sourceTree = "<group>";
		};
/* End PBXGroup section */

/* Begin PBXNativeTarget section */
		64A808CC1BF6D4DB00BCDB13 /* Whats The Weather */ = {
			isa = PBXNativeTarget;
			buildConfigurationList = 64A808DF1BF6D4DB00BCDB13 /* Build configuration list for PBXNativeTarget "Whats The Weather" */;
			buildPhases = (
				64A808C91BF6D4DB00BCDB13 /* Sources */,
				64A808CA1BF6D4DB00BCDB13 /* Frameworks */,
				64A808CB1BF6D4DB00BCDB13 /* Resources */,
			);
			buildRules = (
			);
			dependencies = (
			);
			name = "Whats The Weather";
			productName = "Whats The Weather";
			productReference = 64A808CD1BF6D4DB00BCDB13 /* Whats The Weather.app */;
			productType = "com.apple.product-type.application";
		};
/* End PBXNativeTarget section */

/* Begin PBXProject section */
		64A808C51BF6D4DB00BCDB13 /* Project object */ = {
			isa = PBXProject;
			attributes = {
				LastSwiftUpdateCheck = 0710;
				LastUpgradeCheck = 0710;
				ORGANIZATIONNAME = JohnHuang;
				TargetAttributes = {
					64A808CC1BF6D4DB00BCDB13 = {
						CreatedOnToolsVersion = 7.1.1;
						DevelopmentTeam = M9LB9B2YG2;
					};
				};
			};
			buildConfigurationList = 64A808C81BF6D4DB00BCDB13 /* Build configuration list for PBXProject "Whats The Weather" */;
			compatibilityVersion = "Xcode 3.2";
			developmentRegion = English;
			hasScannedForEncodings = 0;
			knownRegions = (
				en,
				Base,
			);
			mainGroup = 64A808C41BF6D4DB00BCDB13;
			productRefGroup = 64A808CE1BF6D4DB00BCDB13 /* Products */;
			projectDirPath = "";
			projectRoot = "";
			targets = (
				64A808CC1BF6D4DB00BCDB13 /* Whats The Weather */,
			);
		};
/* End PBXProject section */

/* Begin PBXResourcesBuildPhase section */
		64A808CB1BF6D4DB00BCDB13 /* Resources */ = {
			isa = PBXResourcesBuildPhase;
			buildActionMask = 2147483647;
			files = (
				64A808DB1BF6D4DB00BCDB13 /* LaunchScreen.storyboard in Resources */,
				64A808E31BF7FE4F00BCDB13 /* background.png in Resources */,
				64A808D81BF6D4DB00BCDB13 /* Assets.xcassets in Resources */,
				64A808D61BF6D4DB00BCDB13 /* Main.storyboard in Resources */,
			);
			runOnlyForDeploymentPostprocessing = 0;
		};
/* End PBXResourcesBuildPhase section */

/* Begin PBXSourcesBuildPhase section */
		64A808C91BF6D4DB00BCDB13 /* Sources */ = {
			isa = PBXSourcesBuildPhase;
			buildActionMask = 2147483647;
			files = (
				64A808D31BF6D4DB00BCDB13 /* ViewController.swift in Sources */,
				64A808D11BF6D4DB00BCDB13 /* AppDelegate.swift in Sources */,
			);
			runOnlyForDeploymentPostprocessing = 0;
		};
/* End PBXSourcesBuildPhase section */

/* Begin PBXVariantGroup section */
		64A808D41BF6D4DB00BCDB13 /* Main.storyboard */ = {
			isa = PBXVariantGroup;
			children = (
				64A808D51BF6D4DB00BCDB13 /* Base */,
			);
			name = Main.storyboard;
			sourceTree = "<group>";
		};
		64A808D91BF6D4DB00BCDB13 /* LaunchScreen.storyboard */ = {
			isa = PBXVariantGroup;
			children = (
				64A808DA1BF6D4DB00BCDB13 /* Base */,
			);
			name = LaunchScreen.storyboard;
			sourceTree = "<group>";
		};
/* End PBXVariantGroup section */

/* Begin XCBuildConfiguration section */
		64A808DD1BF6D4DB00BCDB13 /* Debug */ = {
			isa = XCBuildConfiguration;
			buildSettings = {
				ALWAYS_SEARCH_USER_PATHS = NO;
				CLANG_CXX_LANGUAGE_STANDARD = "gnu++0x";
				CLANG_CXX_LIBRARY = "libc++";
				CLANG_ENABLE_MODULES = YES;
				CLANG_ENABLE_OBJC_ARC = YES;
				CLANG_WARN_BOOL_CONVERSION = YES;
				CLANG_WARN_CONSTANT_CONVERSION = YES;
				CLANG_WARN_DIRECT_OBJC_ISA_USAGE = YES_ERROR;
				CLANG_WARN_EMPTY_BODY = YES;
				CLANG_WARN_ENUM_CONVERSION = YES;
				CLANG_WARN_INT_CONVERSION = YES;
				CLANG_WARN_OBJC_ROOT_CLASS = YES_ERROR;
				CLANG_WARN_UNREACHABLE_CODE = YES;
				CLANG_WARN__DUPLICATE_METHOD_MATCH = YES;
				"CODE_SIGN_IDENTITY[sdk=iphoneos*]" = "iPhone Developer";
				COPY_PHASE_STRIP = NO;
				DEBUG_INFORMATION_FORMAT = dwarf;
				ENABLE_STRICT_OBJC_MSGSEND = YES;
				ENABLE_TESTABILITY = YES;
				GCC_C_LANGUAGE_STANDARD = gnu99;
				GCC_DYNAMIC_NO_PIC = NO;
				GCC_NO_COMMON_BLOCKS = YES;
				GCC_OPTIMIZATION_LEVEL = 0;
				GCC_PREPROCESSOR_DEFINITIONS = (
					"DEBUG=1",
					"$(inherited)",
				);
				GCC_WARN_64_TO_32_BIT_CONVERSION = YES;
				GCC_WARN_ABOUT_RETURN_TYPE = YES_ERROR;
				GCC_WARN_UNDECLARED_SELECTOR = YES;
				GCC_WARN_UNINITIALIZED_AUTOS = YES_AGGRESSIVE;
				GCC_WARN_UNUSED_FUNCTION = YES;
				GCC_WARN_UNUSED_VARIABLE = YES;
				IPHONEOS_DEPLOYMENT_TARGET = 9.1;
				MTL_ENABLE_DEBUG_INFO = YES;
				ONLY_ACTIVE_ARCH = YES;
				SDKROOT = iphoneos;
				SWIFT_OPTIMIZATION_LEVEL = "-Onone";
			};
			name = Debug;
		};
		64A808DE1BF6D4DB00BCDB13 /* Release */ = {
			isa = XCBuildConfiguration;
			buildSettings = {
				ALWAYS_SEARCH_USER_PATHS = NO;
				CLANG_CXX_LANGUAGE_STANDARD = "gnu++0x";
				CLANG_CXX_LIBRARY = "libc++";
				CLANG_ENABLE_MODULES = YES;
				CLANG_ENABLE_OBJC_ARC = YES;
				CLANG_WARN_BOOL_CONVERSION = YES;
				CLANG_WARN_CONSTANT_CONVERSION = YES;
				CLANG_WARN_DIRECT_OBJC_ISA_USAGE = YES_ERROR;
				CLANG_WARN_EMPTY_BODY = YES;
				CLANG_WARN_ENUM_CONVERSION = YES;
				CLANG_WARN_INT_CONVERSION = YES;
				CLANG_WARN_OBJC_ROOT_CLASS = YES_ERROR;
				CLANG_WARN_UNREACHABLE_CODE = YES;
				CLANG_WARN__DUPLICATE_METHOD_MATCH = YES;
				"CODE_SIGN_IDENTITY[sdk=iphoneos*]" = "iPhone Developer";
				COPY_PHASE_STRIP = NO;
				DEBUG_INFORMATION_FORMAT = "dwarf-with-dsym";
				ENABLE_NS_ASSERTIONS = NO;
				ENABLE_STRICT_OBJC_MSGSEND = YES;
				GCC_C_LANGUAGE_STANDARD = gnu99;
				GCC_NO_COMMON_BLOCKS = YES;
				GCC_WARN_64_TO_32_BIT_CONVERSION = YES;
				GCC_WARN_ABOUT_RETURN_TYPE = YES_ERROR;
				GCC_WARN_UNDECLARED_SELECTOR = YES;
				GCC_WARN_UNINITIALIZED_AUTOS = YES_AGGRESSIVE;
				GCC_WARN_UNUSED_FUNCTION = YES;
				GCC_WARN_UNUSED_VARIABLE = YES;
				IPHONEOS_DEPLOYMENT_TARGET = 9.1;
				MTL_ENABLE_DEBUG_INFO = NO;
				SDKROOT = iphoneos;
				VALIDATE_PRODUCT = YES;
			};
			name = Release;
		};
		64A808E01BF6D4DB00BCDB13 /* Debug */ = {
			isa = XCBuildConfiguration;
			buildSettings = {
				ASSETCATALOG_COMPILER_APPICON_NAME = AppIcon;
				INFOPLIST_FILE = "Whats The Weather/Info.plist";
				LD_RUNPATH_SEARCH_PATHS = "$(inherited) @executable_path/Frameworks";
				PRODUCT_BUNDLE_IDENTIFIER = "com.johnhuang.Whats-The-Weather";
				PRODUCT_NAME = "$(TARGET_NAME)";
			};
			name = Debug;
		};
		64A808E11BF6D4DB00BCDB13 /* Release */ = {
			isa = XCBuildConfiguration;
			buildSettings = {
				ASSETCATALOG_COMPILER_APPICON_NAME = AppIcon;
				INFOPLIST_FILE = "Whats The Weather/Info.plist";
				LD_RUNPATH_SEARCH_PATHS = "$(inherited) @executable_path/Frameworks";
				PRODUCT_BUNDLE_IDENTIFIER = "com.johnhuang.Whats-The-Weather";
				PRODUCT_NAME = "$(TARGET_NAME)";
			};
			name = Release;
		};
/* End XCBuildConfiguration section */

/* Begin XCConfigurationList section */
		64A808C81BF6D4DB00BCDB13 /* Build configuration list for PBXProject "Whats The Weather" */ = {
			isa = XCConfigurationList;
			buildConfigurations = (
				64A808DD1BF6D4DB00BCDB13 /* Debug */,
				64A808DE1BF6D4DB00BCDB13 /* Release */,
			);
			defaultConfigurationIsVisible = 0;
			defaultConfigurationName = Release;
		};
		64A808DF1BF6D4DB00BCDB13 /* Build configuration list for PBXNativeTarget "Whats The Weather" */ = {
			isa = XCConfigurationList;
			buildConfigurations = (
				64A808E01BF6D4DB00BCDB13 /* Debug */,
				64A808E11BF6D4DB00BCDB13 /* Release */,
			);
			defaultConfigurationIsVisible = 0;
		};
/* End XCConfigurationList section */
	};
	rootObject = 64A808C51BF6D4DB00BCDB13 /* Project object */;
}
