// !$*UTF8*$!
{
	archiveVersion = 1;
	classes = {
	};
	objectVersion = 46;
	objects = {

/* Begin PBXBuildFile section */
		6435FC901BEB9F5A00B24AD4 /* AppDelegate.swift in Sources */ = {isa = PBXBuildFile; fileRef = 6435FC8F1BEB9F5A00B24AD4 /* AppDelegate.swift */; };
		6435FC921BEB9F5A00B24AD4 /* RecordSoundsViewController.swift in Sources */ = {isa = PBXBuildFile; fileRef = 6435FC911BEB9F5A00B24AD4 /* RecordSoundsViewController.swift */; };
		6435FC951BEB9F5A00B24AD4 /* Main.storyboard in Resources */ = {isa = PBXBuildFile; fileRef = 6435FC931BEB9F5A00B24AD4 /* Main.storyboard */; };
		6435FC971BEB9F5A00B24AD4 /* Assets.xcassets in Resources */ = {isa = PBXBuildFile; fileRef = 6435FC961BEB9F5A00B24AD4 /* Assets.xcassets */; };
		6435FC9A1BEB9F5A00B24AD4 /* LaunchScreen.storyboard in Resources */ = {isa = PBXBuildFile; fileRef = 6435FC981BEB9F5A00B24AD4 /* LaunchScreen.storyboard */; };
		6435FCA21BEE40A000B24AD4 /* PlaySoundsViewController.swift in Sources */ = {isa = PBXBuildFile; fileRef = 6435FCA11BEE40A000B24AD4 /* PlaySoundsViewController.swift */; };
		6435FCA61BEE479C00B24AD4 /* movie_quote.mp3 in Resources */ = {isa = PBXBuildFile; fileRef = 6435FCA51BEE479C00B24AD4 /* movie_quote.mp3 */; };
		6435FCA81BF0DF7E00B24AD4 /* RecordedAudio.swift in Sources */ = {isa = PBXBuildFile; fileRef = 6435FCA71BF0DF7E00B24AD4 /* RecordedAudio.swift */; };
/* End PBXBuildFile section */

/* Begin PBXFileReference section */
		6435FC8C1BEB9F5A00B24AD4 /* Pitch Perfect.app */ = {isa = PBXFileReference; explicitFileType = wrapper.application; includeInIndex = 0; path = "Pitch Perfect.app"; sourceTree = BUILT_PRODUCTS_DIR; };
		6435FC8F1BEB9F5A00B24AD4 /* AppDelegate.swift */ = {isa = PBXFileReference; lastKnownFileType = sourcecode.swift; path = AppDelegate.swift; sourceTree = "<group>"; };
		6435FC911BEB9F5A00B24AD4 /* RecordSoundsViewController.swift */ = {isa = PBXFileReference; lastKnownFileType = sourcecode.swift; path = RecordSoundsViewController.swift; sourceTree = "<group>"; };
		6435FC941BEB9F5A00B24AD4 /* Base */ = {isa = PBXFileReference; lastKnownFileType = file.storyboard; name = Base; path = Base.lproj/Main.storyboard; sourceTree = "<group>"; };
		6435FC961BEB9F5A00B24AD4 /* Assets.xcassets */ = {isa = PBXFileReference; lastKnownFileType = folder.assetcatalog; path = Assets.xcassets; sourceTree = "<group>"; };
		6435FC991BEB9F5A00B24AD4 /* Base */ = {isa = PBXFileReference; lastKnownFileType = file.storyboard; name = Base; path = Base.lproj/LaunchScreen.storyboard; sourceTree = "<group>"; };
		6435FC9B1BEB9F5A00B24AD4 /* Info.plist */ = {isa = PBXFileReference; lastKnownFileType = text.plist.xml; path = Info.plist; sourceTree = "<group>"; };
		6435FCA11BEE40A000B24AD4 /* PlaySoundsViewController.swift */ = {isa = PBXFileReference; fileEncoding = 4; lastKnownFileType = sourcecode.swift; path = PlaySoundsViewController.swift; sourceTree = "<group>"; };
		6435FCA51BEE479C00B24AD4 /* movie_quote.mp3 */ = {isa = PBXFileReference; lastKnownFileType = audio.mp3; path = movie_quote.mp3; sourceTree = "<group>"; };
		6435FCA71BF0DF7E00B24AD4 /* RecordedAudio.swift */ = {isa = PBXFileReference; fileEncoding = 4; lastKnownFileType = sourcecode.swift; path = RecordedAudio.swift; sourceTree = "<group>"; };
/* End PBXFileReference section */

/* Begin PBXFrameworksBuildPhase section */
		6435FC891BEB9F5A00B24AD4 /* Frameworks */ = {
			isa = PBXFrameworksBuildPhase;
			buildActionMask = 2147483647;
			files = (
			);
			runOnlyForDeploymentPostprocessing = 0;
		};
/* End PBXFrameworksBuildPhase section */

/* Begin PBXGroup section */
		6435FC831BEB9F5A00B24AD4 = {
			isa = PBXGroup;
			children = (
				6435FC8E1BEB9F5A00B24AD4 /* Pitch Perfect */,
				6435FC8D1BEB9F5A00B24AD4 /* Products */,
			);
			sourceTree = "<group>";
		};
		6435FC8D1BEB9F5A00B24AD4 /* Products */ = {
			isa = PBXGroup;
			children = (
				6435FC8C1BEB9F5A00B24AD4 /* Pitch Perfect.app */,
			);
			name = Products;
			sourceTree = "<group>";
		};
		6435FC8E1BEB9F5A00B24AD4 /* Pitch Perfect */ = {
			isa = PBXGroup;
			children = (
				6435FC8F1BEB9F5A00B24AD4 /* AppDelegate.swift */,
				6435FC911BEB9F5A00B24AD4 /* RecordSoundsViewController.swift */,
				6435FCA11BEE40A000B24AD4 /* PlaySoundsViewController.swift */,
				6435FCA71BF0DF7E00B24AD4 /* RecordedAudio.swift */,
				6435FC931BEB9F5A00B24AD4 /* Main.storyboard */,
				6435FC961BEB9F5A00B24AD4 /* Assets.xcassets */,
				6435FC981BEB9F5A00B24AD4 /* LaunchScreen.storyboard */,
				6435FC9B1BEB9F5A00B24AD4 /* Info.plist */,
				6435FCA51BEE479C00B24AD4 /* movie_quote.mp3 */,
			);
			path = "Pitch Perfect";
			sourceTree = "<group>";
		};
/* End PBXGroup section */

/* Begin PBXNativeTarget section */
		6435FC8B1BEB9F5A00B24AD4 /* Pitch Perfect */ = {
			isa = PBXNativeTarget;
			buildConfigurationList = 6435FC9E1BEB9F5A00B24AD4 /* Build configuration list for PBXNativeTarget "Pitch Perfect" */;
			buildPhases = (
				6435FC881BEB9F5A00B24AD4 /* Sources */,
				6435FC891BEB9F5A00B24AD4 /* Frameworks */,
				6435FC8A1BEB9F5A00B24AD4 /* Resources */,
			);
			buildRules = (
			);
			dependencies = (
			);
			name = "Pitch Perfect";
			productName = "Pitch Perfect";
			productReference = 6435FC8C1BEB9F5A00B24AD4 /* Pitch Perfect.app */;
			productType = "com.apple.product-type.application";
		};
/* End PBXNativeTarget section */

/* Begin PBXProject section */
		6435FC841BEB9F5A00B24AD4 /* Project object */ = {
			isa = PBXProject;
			attributes = {
				LastSwiftUpdateCheck = 0710;
				LastUpgradeCheck = 0710;
				ORGANIZATIONNAME = JohnHuang;
				TargetAttributes = {
					6435FC8B1BEB9F5A00B24AD4 = {
						CreatedOnToolsVersion = 7.1;
						DevelopmentTeam = M9LB9B2YG2;
					};
				};
			};
			buildConfigurationList = 6435FC871BEB9F5A00B24AD4 /* Build configuration list for PBXProject "Pitch Perfect" */;
			compatibilityVersion = "Xcode 3.2";
			developmentRegion = English;
			hasScannedForEncodings = 0;
			knownRegions = (
				en,
				Base,
			);
			mainGroup = 6435FC831BEB9F5A00B24AD4;
			productRefGroup = 6435FC8D1BEB9F5A00B24AD4 /* Products */;
			projectDirPath = "";
			projectRoot = "";
			targets = (
				6435FC8B1BEB9F5A00B24AD4 /* Pitch Perfect */,
			);
		};
/* End PBXProject section */

/* Begin PBXResourcesBuildPhase section */
		6435FC8A1BEB9F5A00B24AD4 /* Resources */ = {
			isa = PBXResourcesBuildPhase;
			buildActionMask = 2147483647;
			files = (
				6435FC9A1BEB9F5A00B24AD4 /* LaunchScreen.storyboard in Resources */,
				6435FC971BEB9F5A00B24AD4 /* Assets.xcassets in Resources */,
				6435FCA61BEE479C00B24AD4 /* movie_quote.mp3 in Resources */,
				6435FC951BEB9F5A00B24AD4 /* Main.storyboard in Resources */,
			);
			runOnlyForDeploymentPostprocessing = 0;
		};
/* End PBXResourcesBuildPhase section */

/* Begin PBXSourcesBuildPhase section */
		6435FC881BEB9F5A00B24AD4 /* Sources */ = {
			isa = PBXSourcesBuildPhase;
			buildActionMask = 2147483647;
			files = (
				6435FCA81BF0DF7E00B24AD4 /* RecordedAudio.swift in Sources */,
				6435FC921BEB9F5A00B24AD4 /* RecordSoundsViewController.swift in Sources */,
				6435FCA21BEE40A000B24AD4 /* PlaySoundsViewController.swift in Sources */,
				6435FC901BEB9F5A00B24AD4 /* AppDelegate.swift in Sources */,
			);
			runOnlyForDeploymentPostprocessing = 0;
		};
/* End PBXSourcesBuildPhase section */

/* Begin PBXVariantGroup section */
		6435FC931BEB9F5A00B24AD4 /* Main.storyboard */ = {
			isa = PBXVariantGroup;
			children = (
				6435FC941BEB9F5A00B24AD4 /* Base */,
			);
			name = Main.storyboard;
			sourceTree = "<group>";
		};
		6435FC981BEB9F5A00B24AD4 /* LaunchScreen.storyboard */ = {
			isa = PBXVariantGroup;
			children = (
				6435FC991BEB9F5A00B24AD4 /* Base */,
			);
			name = LaunchScreen.storyboard;
			sourceTree = "<group>";
		};
/* End PBXVariantGroup section */

/* Begin XCBuildConfiguration section */
		6435FC9C1BEB9F5A00B24AD4 /* Debug */ = {
			isa = XCBuildConfiguration;
			buildSettings = {
				ALWAYS_SEARCH_USER_PATHS = NO;
				CLANG_CXX_LANGUAGE_STANDARD = "gnu++0x";
				CLANG_CXX_LIBRARY = "libc++";
				CLANG_ENABLE_MODULES = YES;
				CLANG_ENABLE_OBJC_ARC = YES;
				CLANG_WARN_BOOL_CONVERSION = YES;
				CLANG_WARN_CONSTANT_CONVERSION = YES;
				CLANG_WARN_DIRECT_OBJC_ISA_USAGE = YES_ERROR;
				CLANG_WARN_EMPTY_BODY = YES;
				CLANG_WARN_ENUM_CONVERSION = YES;
				CLANG_WARN_INT_CONVERSION = YES;
				CLANG_WARN_OBJC_ROOT_CLASS = YES_ERROR;
				CLANG_WARN_UNREACHABLE_CODE = YES;
				CLANG_WARN__DUPLICATE_METHOD_MATCH = YES;
				"CODE_SIGN_IDENTITY[sdk=iphoneos*]" = "iPhone Developer";
				COPY_PHASE_STRIP = NO;
				DEBUG_INFORMATION_FORMAT = dwarf;
				ENABLE_STRICT_OBJC_MSGSEND = YES;
				ENABLE_TESTABILITY = YES;
				GCC_C_LANGUAGE_STANDARD = gnu99;
				GCC_DYNAMIC_NO_PIC = NO;
				GCC_NO_COMMON_BLOCKS = YES;
				GCC_OPTIMIZATION_LEVEL = 0;
				GCC_PREPROCESSOR_DEFINITIONS = (
					"DEBUG=1",
					"$(inherited)",
				);
				GCC_WARN_64_TO_32_BIT_CONVERSION = YES;
				GCC_WARN_ABOUT_RETURN_TYPE = YES_ERROR;
				GCC_WARN_UNDECLARED_SELECTOR = YES;
				GCC_WARN_UNINITIALIZED_AUTOS = YES_AGGRESSIVE;
				GCC_WARN_UNUSED_FUNCTION = YES;
				GCC_WARN_UNUSED_VARIABLE = YES;
				IPHONEOS_DEPLOYMENT_TARGET = 9.1;
				MTL_ENABLE_DEBUG_INFO = YES;
				ONLY_ACTIVE_ARCH = YES;
				SDKROOT = iphoneos;
				SWIFT_OPTIMIZATION_LEVEL = "-Onone";
			};
			name = Debug;
		};
		6435FC9D1BEB9F5A00B24AD4 /* Release */ = {
			isa = XCBuildConfiguration;
			buildSettings = {
				ALWAYS_SEARCH_USER_PATHS = NO;
				CLANG_CXX_LANGUAGE_STANDARD = "gnu++0x";
				CLANG_CXX_LIBRARY = "libc++";
				CLANG_ENABLE_MODULES = YES;
				CLANG_ENABLE_OBJC_ARC = YES;
				CLANG_WARN_BOOL_CONVERSION = YES;
				CLANG_WARN_CONSTANT_CONVERSION = YES;
				CLANG_WARN_DIRECT_OBJC_ISA_USAGE = YES_ERROR;
				CLANG_WARN_EMPTY_BODY = YES;
				CLANG_WARN_ENUM_CONVERSION = YES;
				CLANG_WARN_INT_CONVERSION = YES;
				CLANG_WARN_OBJC_ROOT_CLASS = YES_ERROR;
				CLANG_WARN_UNREACHABLE_CODE = YES;
				CLANG_WARN__DUPLICATE_METHOD_MATCH = YES;
				"CODE_SIGN_IDENTITY[sdk=iphoneos*]" = "iPhone Developer";
				COPY_PHASE_STRIP = NO;
				DEBUG_INFORMATION_FORMAT = "dwarf-with-dsym";
				ENABLE_NS_ASSERTIONS = NO;
				ENABLE_STRICT_OBJC_MSGSEND = YES;
				GCC_C_LANGUAGE_STANDARD = gnu99;
				GCC_NO_COMMON_BLOCKS = YES;
				GCC_WARN_64_TO_32_BIT_CONVERSION = YES;
				GCC_WARN_ABOUT_RETURN_TYPE = YES_ERROR;
				GCC_WARN_UNDECLARED_SELECTOR = YES;
				GCC_WARN_UNINITIALIZED_AUTOS = YES_AGGRESSIVE;
				GCC_WARN_UNUSED_FUNCTION = YES;
				GCC_WARN_UNUSED_VARIABLE = YES;
				IPHONEOS_DEPLOYMENT_TARGET = 9.1;
				MTL_ENABLE_DEBUG_INFO = NO;
				SDKROOT = iphoneos;
				VALIDATE_PRODUCT = YES;
			};
			name = Release;
		};
		6435FC9F1BEB9F5A00B24AD4 /* Debug */ = {
			isa = XCBuildConfiguration;
			buildSettings = {
				ASSETCATALOG_COMPILER_APPICON_NAME = AppIcon;
				CODE_SIGN_IDENTITY = "iPhone Developer";
				INFOPLIST_FILE = "Pitch Perfect/Info.plist";
				IPHONEOS_DEPLOYMENT_TARGET = 9.0;
				LD_RUNPATH_SEARCH_PATHS = "$(inherited) @executable_path/Frameworks";
				PRODUCT_BUNDLE_IDENTIFIER = "com.johnhuang.Pitch-Perfect";
				PRODUCT_NAME = "$(TARGET_NAME)";
			};
			name = Debug;
		};
		6435FCA01BEB9F5A00B24AD4 /* Release */ = {
			isa = XCBuildConfiguration;
			buildSettings = {
				ASSETCATALOG_COMPILER_APPICON_NAME = AppIcon;
				CODE_SIGN_IDENTITY = "iPhone Developer";
				INFOPLIST_FILE = "Pitch Perfect/Info.plist";
				IPHONEOS_DEPLOYMENT_TARGET = 9.0;
				LD_RUNPATH_SEARCH_PATHS = "$(inherited) @executable_path/Frameworks";
				PRODUCT_BUNDLE_IDENTIFIER = "com.johnhuang.Pitch-Perfect";
				PRODUCT_NAME = "$(TARGET_NAME)";
			};
			name = Release;
		};
/* End XCBuildConfiguration section */

/* Begin XCConfigurationList section */
		6435FC871BEB9F5A00B24AD4 /* Build configuration list for PBXProject "Pitch Perfect" */ = {
			isa = XCConfigurationList;
			buildConfigurations = (
				6435FC9C1BEB9F5A00B24AD4 /* Debug */,
				6435FC9D1BEB9F5A00B24AD4 /* Release */,
			);
			defaultConfigurationIsVisible = 0;
			defaultConfigurationName = Release;
		};
		6435FC9E1BEB9F5A00B24AD4 /* Build configuration list for PBXNativeTarget "Pitch Perfect" */ = {
			isa = XCConfigurationList;
			buildConfigurations = (
				6435FC9F1BEB9F5A00B24AD4 /* Debug */,
				6435FCA01BEB9F5A00B24AD4 /* Release */,
			);
			defaultConfigurationIsVisible = 0;
		};
/* End XCConfigurationList section */
	};
	rootObject = 6435FC841BEB9F5A00B24AD4 /* Project object */;
}
