// !$*UTF8*$!
{
	archiveVersion = 1;
	classes = {
	};
	objectVersion = 46;
	objects = {

/* Begin PBXBuildFile section */
		64A796911BB1A6EC00FA84FE /* AppDelegate.swift in Sources */ = {isa = PBXBuildFile; fileRef = 64A796901BB1A6EC00FA84FE /* AppDelegate.swift */; };
		64A796931BB1A6EC00FA84FE /* ViewController.swift in Sources */ = {isa = PBXBuildFile; fileRef = 64A796921BB1A6EC00FA84FE /* ViewController.swift */; };
		64A796961BB1A6EC00FA84FE /* Main.storyboard in Resources */ = {isa = PBXBuildFile; fileRef = 64A796941BB1A6EC00FA84FE /* Main.storyboard */; };
		64A796981BB1A6EC00FA84FE /* Assets.xcassets in Resources */ = {isa = PBXBuildFile; fileRef = 64A796971BB1A6EC00FA84FE /* Assets.xcassets */; };
		64A7969B1BB1A6EC00FA84FE /* LaunchScreen.storyboard in Resources */ = {isa = PBXBuildFile; fileRef = 64A796991BB1A6EC00FA84FE /* LaunchScreen.storyboard */; };
/* End PBXBuildFile section */

/* Begin PBXFileReference section */
		64A7968D1BB1A6EC00FA84FE /* Day02 - Area Calculator.app */ = {isa = PBXFileReference; explicitFileType = wrapper.application; includeInIndex = 0; path = "Day02 - Area Calculator.app"; sourceTree = BUILT_PRODUCTS_DIR; };
		64A796901BB1A6EC00FA84FE /* AppDelegate.swift */ = {isa = PBXFileReference; lastKnownFileType = sourcecode.swift; path = AppDelegate.swift; sourceTree = "<group>"; };
		64A796921BB1A6EC00FA84FE /* ViewController.swift */ = {isa = PBXFileReference; lastKnownFileType = sourcecode.swift; path = ViewController.swift; sourceTree = "<group>"; };
		64A796951BB1A6EC00FA84FE /* Base */ = {isa = PBXFileReference; lastKnownFileType = file.storyboard; name = Base; path = Base.lproj/Main.storyboard; sourceTree = "<group>"; };
		64A796971BB1A6EC00FA84FE /* Assets.xcassets */ = {isa = PBXFileReference; lastKnownFileType = folder.assetcatalog; path = Assets.xcassets; sourceTree = "<group>"; };
		64A7969A1BB1A6EC00FA84FE /* Base */ = {isa = PBXFileReference; lastKnownFileType = file.storyboard; name = Base; path = Base.lproj/LaunchScreen.storyboard; sourceTree = "<group>"; };
		64A7969C1BB1A6EC00FA84FE /* Info.plist */ = {isa = PBXFileReference; lastKnownFileType = text.plist.xml; path = Info.plist; sourceTree = "<group>"; };
/* End PBXFileReference section */

/* Begin PBXFrameworksBuildPhase section */
		64A7968A1BB1A6EB00FA84FE /* Frameworks */ = {
			isa = PBXFrameworksBuildPhase;
			buildActionMask = 2147483647;
			files = (
			);
			runOnlyForDeploymentPostprocessing = 0;
		};
/* End PBXFrameworksBuildPhase section */

/* Begin PBXGroup section */
		64A796841BB1A6EB00FA84FE = {
			isa = PBXGroup;
			children = (
				64A7968F1BB1A6EC00FA84FE /* Day02 - Area Calculator */,
				64A7968E1BB1A6EC00FA84FE /* Products */,
			);
			sourceTree = "<group>";
		};
		64A7968E1BB1A6EC00FA84FE /* Products */ = {
			isa = PBXGroup;
			children = (
				64A7968D1BB1A6EC00FA84FE /* Day02 - Area Calculator.app */,
			);
			name = Products;
			sourceTree = "<group>";
		};
		64A7968F1BB1A6EC00FA84FE /* Day02 - Area Calculator */ = {
			isa = PBXGroup;
			children = (
				64A796901BB1A6EC00FA84FE /* AppDelegate.swift */,
				64A796921BB1A6EC00FA84FE /* ViewController.swift */,
				64A796941BB1A6EC00FA84FE /* Main.storyboard */,
				64A796971BB1A6EC00FA84FE /* Assets.xcassets */,
				64A796991BB1A6EC00FA84FE /* LaunchScreen.storyboard */,
				64A7969C1BB1A6EC00FA84FE /* Info.plist */,
			);
			path = "Day02 - Area Calculator";
			sourceTree = "<group>";
		};
/* End PBXGroup section */

/* Begin PBXNativeTarget section */
		64A7968C1BB1A6EB00FA84FE /* Day02 - Area Calculator */ = {
			isa = PBXNativeTarget;
			buildConfigurationList = 64A7969F1BB1A6EC00FA84FE /* Build configuration list for PBXNativeTarget "Day02 - Area Calculator" */;
			buildPhases = (
				64A796891BB1A6EB00FA84FE /* Sources */,
				64A7968A1BB1A6EB00FA84FE /* Frameworks */,
				64A7968B1BB1A6EB00FA84FE /* Resources */,
			);
			buildRules = (
			);
			dependencies = (
			);
			name = "Day02 - Area Calculator";
			productName = "Day02 - Area Calculator";
			productReference = 64A7968D1BB1A6EC00FA84FE /* Day02 - Area Calculator.app */;
			productType = "com.apple.product-type.application";
		};
/* End PBXNativeTarget section */

/* Begin PBXProject section */
		64A796851BB1A6EB00FA84FE /* Project object */ = {
			isa = PBXProject;
			attributes = {
				LastUpgradeCheck = 0700;
				ORGANIZATIONNAME = JohnHuang;
				TargetAttributes = {
					64A7968C1BB1A6EB00FA84FE = {
						CreatedOnToolsVersion = 7.0;
					};
				};
			};
			buildConfigurationList = 64A796881BB1A6EB00FA84FE /* Build configuration list for PBXProject "Day02 - Area Calculator" */;
			compatibilityVersion = "Xcode 3.2";
			developmentRegion = English;
			hasScannedForEncodings = 0;
			knownRegions = (
				en,
				Base,
			);
			mainGroup = 64A796841BB1A6EB00FA84FE;
			productRefGroup = 64A7968E1BB1A6EC00FA84FE /* Products */;
			projectDirPath = "";
			projectRoot = "";
			targets = (
				64A7968C1BB1A6EB00FA84FE /* Day02 - Area Calculator */,
			);
		};
/* End PBXProject section */

/* Begin PBXResourcesBuildPhase section */
		64A7968B1BB1A6EB00FA84FE /* Resources */ = {
			isa = PBXResourcesBuildPhase;
			buildActionMask = 2147483647;
			files = (
				64A7969B1BB1A6EC00FA84FE /* LaunchScreen.storyboard in Resources */,
				64A796981BB1A6EC00FA84FE /* Assets.xcassets in Resources */,
				64A796961BB1A6EC00FA84FE /* Main.storyboard in Resources */,
			);
			runOnlyForDeploymentPostprocessing = 0;
		};
/* End PBXResourcesBuildPhase section */

/* Begin PBXSourcesBuildPhase section */
		64A796891BB1A6EB00FA84FE /* Sources */ = {
			isa = PBXSourcesBuildPhase;
			buildActionMask = 2147483647;
			files = (
				64A796931BB1A6EC00FA84FE /* ViewController.swift in Sources */,
				64A796911BB1A6EC00FA84FE /* AppDelegate.swift in Sources */,
			);
			runOnlyForDeploymentPostprocessing = 0;
		};
/* End PBXSourcesBuildPhase section */

/* Begin PBXVariantGroup section */
		64A796941BB1A6EC00FA84FE /* Main.storyboard */ = {
			isa = PBXVariantGroup;
			children = (
				64A796951BB1A6EC00FA84FE /* Base */,
			);
			name = Main.storyboard;
			sourceTree = "<group>";
		};
		64A796991BB1A6EC00FA84FE /* LaunchScreen.storyboard */ = {
			isa = PBXVariantGroup;
			children = (
				64A7969A1BB1A6EC00FA84FE /* Base */,
			);
			name = LaunchScreen.storyboard;
			sourceTree = "<group>";
		};
/* End PBXVariantGroup section */

/* Begin XCBuildConfiguration section */
		64A7969D1BB1A6EC00FA84FE /* Debug */ = {
			isa = XCBuildConfiguration;
			buildSettings = {
				ALWAYS_SEARCH_USER_PATHS = NO;
				CLANG_CXX_LANGUAGE_STANDARD = "gnu++0x";
				CLANG_CXX_LIBRARY = "libc++";
				CLANG_ENABLE_MODULES = YES;
				CLANG_ENABLE_OBJC_ARC = YES;
				CLANG_WARN_BOOL_CONVERSION = YES;
				CLANG_WARN_CONSTANT_CONVERSION = YES;
				CLANG_WARN_DIRECT_OBJC_ISA_USAGE = YES_ERROR;
				CLANG_WARN_EMPTY_BODY = YES;
				CLANG_WARN_ENUM_CONVERSION = YES;
				CLANG_WARN_INT_CONVERSION = YES;
				CLANG_WARN_OBJC_ROOT_CLASS = YES_ERROR;
				CLANG_WARN_UNREACHABLE_CODE = YES;
				CLANG_WARN__DUPLICATE_METHOD_MATCH = YES;
				"CODE_SIGN_IDENTITY[sdk=iphoneos*]" = "iPhone Developer";
				COPY_PHASE_STRIP = NO;
				DEBUG_INFORMATION_FORMAT = dwarf;
				ENABLE_STRICT_OBJC_MSGSEND = YES;
				ENABLE_TESTABILITY = YES;
				GCC_C_LANGUAGE_STANDARD = gnu99;
				GCC_DYNAMIC_NO_PIC = NO;
				GCC_NO_COMMON_BLOCKS = YES;
				GCC_OPTIMIZATION_LEVEL = 0;
				GCC_PREPROCESSOR_DEFINITIONS = (
					"DEBUG=1",
					"$(inherited)",
				);
				GCC_WARN_64_TO_32_BIT_CONVERSION = YES;
				GCC_WARN_ABOUT_RETURN_TYPE = YES_ERROR;
				GCC_WARN_UNDECLARED_SELECTOR = YES;
				GCC_WARN_UNINITIALIZED_AUTOS = YES_AGGRESSIVE;
				GCC_WARN_UNUSED_FUNCTION = YES;
				GCC_WARN_UNUSED_VARIABLE = YES;
				IPHONEOS_DEPLOYMENT_TARGET = 9.0;
				MTL_ENABLE_DEBUG_INFO = YES;
				ONLY_ACTIVE_ARCH = YES;
				SDKROOT = iphoneos;
				SWIFT_OPTIMIZATION_LEVEL = "-Onone";
				TARGETED_DEVICE_FAMILY = "1,2";
			};
			name = Debug;
		};
		64A7969E1BB1A6EC00FA84FE /* Release */ = {
			isa = XCBuildConfiguration;
			buildSettings = {
				ALWAYS_SEARCH_USER_PATHS = NO;
				CLANG_CXX_LANGUAGE_STANDARD = "gnu++0x";
				CLANG_CXX_LIBRARY = "libc++";
				CLANG_ENABLE_MODULES = YES;
				CLANG_ENABLE_OBJC_ARC = YES;
				CLANG_WARN_BOOL_CONVERSION = YES;
				CLANG_WARN_CONSTANT_CONVERSION = YES;
				CLANG_WARN_DIRECT_OBJC_ISA_USAGE = YES_ERROR;
				CLANG_WARN_EMPTY_BODY = YES;
				CLANG_WARN_ENUM_CONVERSION = YES;
				CLANG_WARN_INT_CONVERSION = YES;
				CLANG_WARN_OBJC_ROOT_CLASS = YES_ERROR;
				CLANG_WARN_UNREACHABLE_CODE = YES;
				CLANG_WARN__DUPLICATE_METHOD_MATCH = YES;
				"CODE_SIGN_IDENTITY[sdk=iphoneos*]" = "iPhone Developer";
				COPY_PHASE_STRIP = NO;
				DEBUG_INFORMATION_FORMAT = "dwarf-with-dsym";
				ENABLE_NS_ASSERTIONS = NO;
				ENABLE_STRICT_OBJC_MSGSEND = YES;
				GCC_C_LANGUAGE_STANDARD = gnu99;
				GCC_NO_COMMON_BLOCKS = YES;
				GCC_WARN_64_TO_32_BIT_CONVERSION = YES;
				GCC_WARN_ABOUT_RETURN_TYPE = YES_ERROR;
				GCC_WARN_UNDECLARED_SELECTOR = YES;
				GCC_WARN_UNINITIALIZED_AUTOS = YES_AGGRESSIVE;
				GCC_WARN_UNUSED_FUNCTION = YES;
				GCC_WARN_UNUSED_VARIABLE = YES;
				IPHONEOS_DEPLOYMENT_TARGET = 9.0;
				MTL_ENABLE_DEBUG_INFO = NO;
				SDKROOT = iphoneos;
				TARGETED_DEVICE_FAMILY = "1,2";
				VALIDATE_PRODUCT = YES;
			};
			name = Release;
		};
		64A796A01BB1A6EC00FA84FE /* Debug */ = {
			isa = XCBuildConfiguration;
			buildSettings = {
				ASSETCATALOG_COMPILER_APPICON_NAME = AppIcon;
				INFOPLIST_FILE = "Day02 - Area Calculator/Info.plist";
				LD_RUNPATH_SEARCH_PATHS = "$(inherited) @executable_path/Frameworks";
				PRODUCT_BUNDLE_IDENTIFIER = "com.johnhuang.Day02---Area-Calculator";
				PRODUCT_NAME = "$(TARGET_NAME)";
			};
			name = Debug;
		};
		64A796A11BB1A6EC00FA84FE /* Release */ = {
			isa = XCBuildConfiguration;
			buildSettings = {
				ASSETCATALOG_COMPILER_APPICON_NAME = AppIcon;
				INFOPLIST_FILE = "Day02 - Area Calculator/Info.plist";
				LD_RUNPATH_SEARCH_PATHS = "$(inherited) @executable_path/Frameworks";
				PRODUCT_BUNDLE_IDENTIFIER = "com.johnhuang.Day02---Area-Calculator";
				PRODUCT_NAME = "$(TARGET_NAME)";
			};
			name = Release;
		};
/* End XCBuildConfiguration section */

/* Begin XCConfigurationList section */
		64A796881BB1A6EB00FA84FE /* Build configuration list for PBXProject "Day02 - Area Calculator" */ = {
			isa = XCConfigurationList;
			buildConfigurations = (
				64A7969D1BB1A6EC00FA84FE /* Debug */,
				64A7969E1BB1A6EC00FA84FE /* Release */,
			);
			defaultConfigurationIsVisible = 0;
			defaultConfigurationName = Release;
		};
		64A7969F1BB1A6EC00FA84FE /* Build configuration list for PBXNativeTarget "Day02 - Area Calculator" */ = {
			isa = XCConfigurationList;
			buildConfigurations = (
				64A796A01BB1A6EC00FA84FE /* Debug */,
				64A796A11BB1A6EC00FA84FE /* Release */,
			);
			defaultConfigurationIsVisible = 0;
		};
/* End XCConfigurationList section */
	};
	rootObject = 64A796851BB1A6EB00FA84FE /* Project object */;
}
