// !$*UTF8*$!
{
	archiveVersion = 1;
	classes = {
	};
	objectVersion = 46;
	objects = {

/* Begin PBXBuildFile section */
		64D1548B1BA1C7FE00E870BB /* AppDelegate.swift in Sources */ = {isa = PBXBuildFile; fileRef = 64D1548A1BA1C7FE00E870BB /* AppDelegate.swift */; };
		64D1548D1BA1C7FE00E870BB /* ViewController.swift in Sources */ = {isa = PBXBuildFile; fileRef = 64D1548C1BA1C7FE00E870BB /* ViewController.swift */; };
		64D154901BA1C7FE00E870BB /* Main.storyboard in Resources */ = {isa = PBXBuildFile; fileRef = 64D1548E1BA1C7FE00E870BB /* Main.storyboard */; };
		64D154921BA1C7FE00E870BB /* Images.xcassets in Resources */ = {isa = PBXBuildFile; fileRef = 64D154911BA1C7FE00E870BB /* Images.xcassets */; };
		64D154951BA1C7FE00E870BB /* LaunchScreen.xib in Resources */ = {isa = PBXBuildFile; fileRef = 64D154931BA1C7FE00E870BB /* LaunchScreen.xib */; };
		64D154A11BA1C7FE00E870BB /* Project_10_NSUserDefaultsTests.swift in Sources */ = {isa = PBXBuildFile; fileRef = 64D154A01BA1C7FE00E870BB /* Project_10_NSUserDefaultsTests.swift */; };
		64D154AB1BA1D08700E870BB /* Person.swift in Sources */ = {isa = PBXBuildFile; fileRef = 64D154AA1BA1D08700E870BB /* Person.swift */; };
/* End PBXBuildFile section */

/* Begin PBXContainerItemProxy section */
		64D1549B1BA1C7FE00E870BB /* PBXContainerItemProxy */ = {
			isa = PBXContainerItemProxy;
			containerPortal = 64D1547D1BA1C7FE00E870BB /* Project object */;
			proxyType = 1;
			remoteGlobalIDString = 64D154841BA1C7FE00E870BB;
			remoteInfo = "Project 10-NSUserDefaults";
		};
/* End PBXContainerItemProxy section */

/* Begin PBXFileReference section */
		64D154851BA1C7FE00E870BB /* Project 10-NSUserDefaults.app */ = {isa = PBXFileReference; explicitFileType = wrapper.application; includeInIndex = 0; path = "Project 10-NSUserDefaults.app"; sourceTree = BUILT_PRODUCTS_DIR; };
		64D154891BA1C7FE00E870BB /* Info.plist */ = {isa = PBXFileReference; lastKnownFileType = text.plist.xml; path = Info.plist; sourceTree = "<group>"; };
		64D1548A1BA1C7FE00E870BB /* AppDelegate.swift */ = {isa = PBXFileReference; lastKnownFileType = sourcecode.swift; path = AppDelegate.swift; sourceTree = "<group>"; };
		64D1548C1BA1C7FE00E870BB /* ViewController.swift */ = {isa = PBXFileReference; lastKnownFileType = sourcecode.swift; path = ViewController.swift; sourceTree = "<group>"; };
		64D1548F1BA1C7FE00E870BB /* Base */ = {isa = PBXFileReference; lastKnownFileType = file.storyboard; name = Base; path = Base.lproj/Main.storyboard; sourceTree = "<group>"; };
		64D154911BA1C7FE00E870BB /* Images.xcassets */ = {isa = PBXFileReference; lastKnownFileType = folder.assetcatalog; path = Images.xcassets; sourceTree = "<group>"; };
		64D154941BA1C7FE00E870BB /* Base */ = {isa = PBXFileReference; lastKnownFileType = file.xib; name = Base; path = Base.lproj/LaunchScreen.xib; sourceTree = "<group>"; };
		64D1549A1BA1C7FE00E870BB /* Project 10-NSUserDefaultsTests.xctest */ = {isa = PBXFileReference; explicitFileType = wrapper.cfbundle; includeInIndex = 0; path = "Project 10-NSUserDefaultsTests.xctest"; sourceTree = BUILT_PRODUCTS_DIR; };
		64D1549F1BA1C7FE00E870BB /* Info.plist */ = {isa = PBXFileReference; lastKnownFileType = text.plist.xml; path = Info.plist; sourceTree = "<group>"; };
		64D154A01BA1C7FE00E870BB /* Project_10_NSUserDefaultsTests.swift */ = {isa = PBXFileReference; lastKnownFileType = sourcecode.swift; path = Project_10_NSUserDefaultsTests.swift; sourceTree = "<group>"; };
		64D154AA1BA1D08700E870BB /* Person.swift */ = {isa = PBXFileReference; fileEncoding = 4; lastKnownFileType = sourcecode.swift; path = Person.swift; sourceTree = "<group>"; };
/* End PBXFileReference section */

/* Begin PBXFrameworksBuildPhase section */
		64D154821BA1C7FE00E870BB /* Frameworks */ = {
			isa = PBXFrameworksBuildPhase;
			buildActionMask = 2147483647;
			files = (
			);
			runOnlyForDeploymentPostprocessing = 0;
		};
		64D154971BA1C7FE00E870BB /* Frameworks */ = {
			isa = PBXFrameworksBuildPhase;
			buildActionMask = 2147483647;
			files = (
			);
			runOnlyForDeploymentPostprocessing = 0;
		};
/* End PBXFrameworksBuildPhase section */

/* Begin PBXGroup section */
		64D1547C1BA1C7FE00E870BB = {
			isa = PBXGroup;
			children = (
				64D154871BA1C7FE00E870BB /* Project 10-NSUserDefaults */,
				64D1549D1BA1C7FE00E870BB /* Project 10-NSUserDefaultsTests */,
				64D154861BA1C7FE00E870BB /* Products */,
			);
			sourceTree = "<group>";
		};
		64D154861BA1C7FE00E870BB /* Products */ = {
			isa = PBXGroup;
			children = (
				64D154851BA1C7FE00E870BB /* Project 10-NSUserDefaults.app */,
				64D1549A1BA1C7FE00E870BB /* Project 10-NSUserDefaultsTests.xctest */,
			);
			name = Products;
			sourceTree = "<group>";
		};
		64D154871BA1C7FE00E870BB /* Project 10-NSUserDefaults */ = {
			isa = PBXGroup;
			children = (
				64D1548A1BA1C7FE00E870BB /* AppDelegate.swift */,
				64D1548C1BA1C7FE00E870BB /* ViewController.swift */,
				64D154AA1BA1D08700E870BB /* Person.swift */,
				64D1548E1BA1C7FE00E870BB /* Main.storyboard */,
				64D154911BA1C7FE00E870BB /* Images.xcassets */,
				64D154931BA1C7FE00E870BB /* LaunchScreen.xib */,
				64D154881BA1C7FE00E870BB /* Supporting Files */,
			);
			path = "Project 10-NSUserDefaults";
			sourceTree = "<group>";
		};
		64D154881BA1C7FE00E870BB /* Supporting Files */ = {
			isa = PBXGroup;
			children = (
				64D154891BA1C7FE00E870BB /* Info.plist */,
			);
			name = "Supporting Files";
			sourceTree = "<group>";
		};
		64D1549D1BA1C7FE00E870BB /* Project 10-NSUserDefaultsTests */ = {
			isa = PBXGroup;
			children = (
				64D154A01BA1C7FE00E870BB /* Project_10_NSUserDefaultsTests.swift */,
				64D1549E1BA1C7FE00E870BB /* Supporting Files */,
			);
			path = "Project 10-NSUserDefaultsTests";
			sourceTree = "<group>";
		};
		64D1549E1BA1C7FE00E870BB /* Supporting Files */ = {
			isa = PBXGroup;
			children = (
				64D1549F1BA1C7FE00E870BB /* Info.plist */,
			);
			name = "Supporting Files";
			sourceTree = "<group>";
		};
/* End PBXGroup section */

/* Begin PBXNativeTarget section */
		64D154841BA1C7FE00E870BB /* Project 10-NSUserDefaults */ = {
			isa = PBXNativeTarget;
			buildConfigurationList = 64D154A41BA1C7FE00E870BB /* Build configuration list for PBXNativeTarget "Project 10-NSUserDefaults" */;
			buildPhases = (
				64D154811BA1C7FE00E870BB /* Sources */,
				64D154821BA1C7FE00E870BB /* Frameworks */,
				64D154831BA1C7FE00E870BB /* Resources */,
			);
			buildRules = (
			);
			dependencies = (
			);
			name = "Project 10-NSUserDefaults";
			productName = "Project 10-NSUserDefaults";
			productReference = 64D154851BA1C7FE00E870BB /* Project 10-NSUserDefaults.app */;
			productType = "com.apple.product-type.application";
		};
		64D154991BA1C7FE00E870BB /* Project 10-NSUserDefaultsTests */ = {
			isa = PBXNativeTarget;
			buildConfigurationList = 64D154A71BA1C7FE00E870BB /* Build configuration list for PBXNativeTarget "Project 10-NSUserDefaultsTests" */;
			buildPhases = (
				64D154961BA1C7FE00E870BB /* Sources */,
				64D154971BA1C7FE00E870BB /* Frameworks */,
				64D154981BA1C7FE00E870BB /* Resources */,
			);
			buildRules = (
			);
			dependencies = (
				64D1549C1BA1C7FE00E870BB /* PBXTargetDependency */,
			);
			name = "Project 10-NSUserDefaultsTests";
			productName = "Project 10-NSUserDefaultsTests";
			productReference = 64D1549A1BA1C7FE00E870BB /* Project 10-NSUserDefaultsTests.xctest */;
			productType = "com.apple.product-type.bundle.unit-test";
		};
/* End PBXNativeTarget section */

/* Begin PBXProject section */
		64D1547D1BA1C7FE00E870BB /* Project object */ = {
			isa = PBXProject;
			attributes = {
				LastUpgradeCheck = 0640;
				ORGANIZATIONNAME = JohnHuang;
				TargetAttributes = {
					64D154841BA1C7FE00E870BB = {
						CreatedOnToolsVersion = 6.4;
					};
					64D154991BA1C7FE00E870BB = {
						CreatedOnToolsVersion = 6.4;
						TestTargetID = 64D154841BA1C7FE00E870BB;
					};
				};
			};
			buildConfigurationList = 64D154801BA1C7FE00E870BB /* Build configuration list for PBXProject "Project 10-NSUserDefaults" */;
			compatibilityVersion = "Xcode 3.2";
			developmentRegion = English;
			hasScannedForEncodings = 0;
			knownRegions = (
				en,
				Base,
			);
			mainGroup = 64D1547C1BA1C7FE00E870BB;
			productRefGroup = 64D154861BA1C7FE00E870BB /* Products */;
			projectDirPath = "";
			projectRoot = "";
			targets = (
				64D154841BA1C7FE00E870BB /* Project 10-NSUserDefaults */,
				64D154991BA1C7FE00E870BB /* Project 10-NSUserDefaultsTests */,
			);
		};
/* End PBXProject section */

/* Begin PBXResourcesBuildPhase section */
		64D154831BA1C7FE00E870BB /* Resources */ = {
			isa = PBXResourcesBuildPhase;
			buildActionMask = 2147483647;
			files = (
				64D154901BA1C7FE00E870BB /* Main.storyboard in Resources */,
				64D154951BA1C7FE00E870BB /* LaunchScreen.xib in Resources */,
				64D154921BA1C7FE00E870BB /* Images.xcassets in Resources */,
			);
			runOnlyForDeploymentPostprocessing = 0;
		};
		64D154981BA1C7FE00E870BB /* Resources */ = {
			isa = PBXResourcesBuildPhase;
			buildActionMask = 2147483647;
			files = (
			);
			runOnlyForDeploymentPostprocessing = 0;
		};
/* End PBXResourcesBuildPhase section */

/* Begin PBXSourcesBuildPhase section */
		64D154811BA1C7FE00E870BB /* Sources */ = {
			isa = PBXSourcesBuildPhase;
			buildActionMask = 2147483647;
			files = (
				64D154AB1BA1D08700E870BB /* Person.swift in Sources */,
				64D1548D1BA1C7FE00E870BB /* ViewController.swift in Sources */,
				64D1548B1BA1C7FE00E870BB /* AppDelegate.swift in Sources */,
			);
			runOnlyForDeploymentPostprocessing = 0;
		};
		64D154961BA1C7FE00E870BB /* Sources */ = {
			isa = PBXSourcesBuildPhase;
			buildActionMask = 2147483647;
			files = (
				64D154A11BA1C7FE00E870BB /* Project_10_NSUserDefaultsTests.swift in Sources */,
			);
			runOnlyForDeploymentPostprocessing = 0;
		};
/* End PBXSourcesBuildPhase section */

/* Begin PBXTargetDependency section */
		64D1549C1BA1C7FE00E870BB /* PBXTargetDependency */ = {
			isa = PBXTargetDependency;
			target = 64D154841BA1C7FE00E870BB /* Project 10-NSUserDefaults */;
			targetProxy = 64D1549B1BA1C7FE00E870BB /* PBXContainerItemProxy */;
		};
/* End PBXTargetDependency section */

/* Begin PBXVariantGroup section */
		64D1548E1BA1C7FE00E870BB /* Main.storyboard */ = {
			isa = PBXVariantGroup;
			children = (
				64D1548F1BA1C7FE00E870BB /* Base */,
			);
			name = Main.storyboard;
			sourceTree = "<group>";
		};
		64D154931BA1C7FE00E870BB /* LaunchScreen.xib */ = {
			isa = PBXVariantGroup;
			children = (
				64D154941BA1C7FE00E870BB /* Base */,
			);
			name = LaunchScreen.xib;
			sourceTree = "<group>";
		};
/* End PBXVariantGroup section */

/* Begin XCBuildConfiguration section */
		64D154A21BA1C7FE00E870BB /* Debug */ = {
			isa = XCBuildConfiguration;
			buildSettings = {
				ALWAYS_SEARCH_USER_PATHS = NO;
				CLANG_CXX_LANGUAGE_STANDARD = "gnu++0x";
				CLANG_CXX_LIBRARY = "libc++";
				CLANG_ENABLE_MODULES = YES;
				CLANG_ENABLE_OBJC_ARC = YES;
				CLANG_WARN_BOOL_CONVERSION = YES;
				CLANG_WARN_CONSTANT_CONVERSION = YES;
				CLANG_WARN_DIRECT_OBJC_ISA_USAGE = YES_ERROR;
				CLANG_WARN_EMPTY_BODY = YES;
				CLANG_WARN_ENUM_CONVERSION = YES;
				CLANG_WARN_INT_CONVERSION = YES;
				CLANG_WARN_OBJC_ROOT_CLASS = YES_ERROR;
				CLANG_WARN_UNREACHABLE_CODE = YES;
				CLANG_WARN__DUPLICATE_METHOD_MATCH = YES;
				"CODE_SIGN_IDENTITY[sdk=iphoneos*]" = "iPhone Developer";
				COPY_PHASE_STRIP = NO;
				DEBUG_INFORMATION_FORMAT = "dwarf-with-dsym";
				ENABLE_STRICT_OBJC_MSGSEND = YES;
				GCC_C_LANGUAGE_STANDARD = gnu99;
				GCC_DYNAMIC_NO_PIC = NO;
				GCC_NO_COMMON_BLOCKS = YES;
				GCC_OPTIMIZATION_LEVEL = 0;
				GCC_PREPROCESSOR_DEFINITIONS = (
					"DEBUG=1",
					"$(inherited)",
				);
				GCC_SYMBOLS_PRIVATE_EXTERN = NO;
				GCC_WARN_64_TO_32_BIT_CONVERSION = YES;
				GCC_WARN_ABOUT_RETURN_TYPE = YES_ERROR;
				GCC_WARN_UNDECLARED_SELECTOR = YES;
				GCC_WARN_UNINITIALIZED_AUTOS = YES_AGGRESSIVE;
				GCC_WARN_UNUSED_FUNCTION = YES;
				GCC_WARN_UNUSED_VARIABLE = YES;
				IPHONEOS_DEPLOYMENT_TARGET = 8.4;
				MTL_ENABLE_DEBUG_INFO = YES;
				ONLY_ACTIVE_ARCH = YES;
				SDKROOT = iphoneos;
				SWIFT_OPTIMIZATION_LEVEL = "-Onone";
			};
			name = Debug;
		};
		64D154A31BA1C7FE00E870BB /* Release */ = {
			isa = XCBuildConfiguration;
			buildSettings = {
				ALWAYS_SEARCH_USER_PATHS = NO;
				CLANG_CXX_LANGUAGE_STANDARD = "gnu++0x";
				CLANG_CXX_LIBRARY = "libc++";
				CLANG_ENABLE_MODULES = YES;
				CLANG_ENABLE_OBJC_ARC = YES;
				CLANG_WARN_BOOL_CONVERSION = YES;
				CLANG_WARN_CONSTANT_CONVERSION = YES;
				CLANG_WARN_DIRECT_OBJC_ISA_USAGE = YES_ERROR;
				CLANG_WARN_EMPTY_BODY = YES;
				CLANG_WARN_ENUM_CONVERSION = YES;
				CLANG_WARN_INT_CONVERSION = YES;
				CLANG_WARN_OBJC_ROOT_CLASS = YES_ERROR;
				CLANG_WARN_UNREACHABLE_CODE = YES;
				CLANG_WARN__DUPLICATE_METHOD_MATCH = YES;
				"CODE_SIGN_IDENTITY[sdk=iphoneos*]" = "iPhone Developer";
				COPY_PHASE_STRIP = NO;
				DEBUG_INFORMATION_FORMAT = "dwarf-with-dsym";
				ENABLE_NS_ASSERTIONS = NO;
				ENABLE_STRICT_OBJC_MSGSEND = YES;
				GCC_C_LANGUAGE_STANDARD = gnu99;
				GCC_NO_COMMON_BLOCKS = YES;
				GCC_WARN_64_TO_32_BIT_CONVERSION = YES;
				GCC_WARN_ABOUT_RETURN_TYPE = YES_ERROR;
				GCC_WARN_UNDECLARED_SELECTOR = YES;
				GCC_WARN_UNINITIALIZED_AUTOS = YES_AGGRESSIVE;
				GCC_WARN_UNUSED_FUNCTION = YES;
				GCC_WARN_UNUSED_VARIABLE = YES;
				IPHONEOS_DEPLOYMENT_TARGET = 8.4;
				MTL_ENABLE_DEBUG_INFO = NO;
				SDKROOT = iphoneos;
				VALIDATE_PRODUCT = YES;
			};
			name = Release;
		};
		64D154A51BA1C7FE00E870BB /* Debug */ = {
			isa = XCBuildConfiguration;
			buildSettings = {
				ASSETCATALOG_COMPILER_APPICON_NAME = AppIcon;
				INFOPLIST_FILE = "Project 10-NSUserDefaults/Info.plist";
				LD_RUNPATH_SEARCH_PATHS = "$(inherited) @executable_path/Frameworks";
				PRODUCT_NAME = "$(TARGET_NAME)";
			};
			name = Debug;
		};
		64D154A61BA1C7FE00E870BB /* Release */ = {
			isa = XCBuildConfiguration;
			buildSettings = {
				ASSETCATALOG_COMPILER_APPICON_NAME = AppIcon;
				INFOPLIST_FILE = "Project 10-NSUserDefaults/Info.plist";
				LD_RUNPATH_SEARCH_PATHS = "$(inherited) @executable_path/Frameworks";
				PRODUCT_NAME = "$(TARGET_NAME)";
			};
			name = Release;
		};
		64D154A81BA1C7FE00E870BB /* Debug */ = {
			isa = XCBuildConfiguration;
			buildSettings = {
				BUNDLE_LOADER = "$(TEST_HOST)";
				FRAMEWORK_SEARCH_PATHS = (
					"$(SDKROOT)/Developer/Library/Frameworks",
					"$(inherited)",
				);
				GCC_PREPROCESSOR_DEFINITIONS = (
					"DEBUG=1",
					"$(inherited)",
				);
				INFOPLIST_FILE = "Project 10-NSUserDefaultsTests/Info.plist";
				LD_RUNPATH_SEARCH_PATHS = "$(inherited) @executable_path/Frameworks @loader_path/Frameworks";
				PRODUCT_NAME = "$(TARGET_NAME)";
				TEST_HOST = "$(BUILT_PRODUCTS_DIR)/Project 10-NSUserDefaults.app/Project 10-NSUserDefaults";
			};
			name = Debug;
		};
		64D154A91BA1C7FE00E870BB /* Release */ = {
			isa = XCBuildConfiguration;
			buildSettings = {
				BUNDLE_LOADER = "$(TEST_HOST)";
				FRAMEWORK_SEARCH_PATHS = (
					"$(SDKROOT)/Developer/Library/Frameworks",
					"$(inherited)",
				);
				INFOPLIST_FILE = "Project 10-NSUserDefaultsTests/Info.plist";
				LD_RUNPATH_SEARCH_PATHS = "$(inherited) @executable_path/Frameworks @loader_path/Frameworks";
				PRODUCT_NAME = "$(TARGET_NAME)";
				TEST_HOST = "$(BUILT_PRODUCTS_DIR)/Project 10-NSUserDefaults.app/Project 10-NSUserDefaults";
			};
			name = Release;
		};
/* End XCBuildConfiguration section */

/* Begin XCConfigurationList section */
		64D154801BA1C7FE00E870BB /* Build configuration list for PBXProject "Project 10-NSUserDefaults" */ = {
			isa = XCConfigurationList;
			buildConfigurations = (
				64D154A21BA1C7FE00E870BB /* Debug */,
				64D154A31BA1C7FE00E870BB /* Release */,
			);
			defaultConfigurationIsVisible = 0;
			defaultConfigurationName = Release;
		};
		64D154A41BA1C7FE00E870BB /* Build configuration list for PBXNativeTarget "Project 10-NSUserDefaults" */ = {
			isa = XCConfigurationList;
			buildConfigurations = (
				64D154A51BA1C7FE00E870BB /* Debug */,
				64D154A61BA1C7FE00E870BB /* Release */,
			);
			defaultConfigurationIsVisible = 0;
			defaultConfigurationName = Release;
		};
		64D154A71BA1C7FE00E870BB /* Build configuration list for PBXNativeTarget "Project 10-NSUserDefaultsTests" */ = {
			isa = XCConfigurationList;
			buildConfigurations = (
				64D154A81BA1C7FE00E870BB /* Debug */,
				64D154A91BA1C7FE00E870BB /* Release */,
			);
			defaultConfigurationIsVisible = 0;
			defaultConfigurationName = Release;
		};
/* End XCConfigurationList section */
	};
	rootObject = 64D1547D1BA1C7FE00E870BB /* Project object */;
}
